---
lockfileVersion: 1
lockfileVendor: redhat
arches:
- arch: x86_64
  packages:
  - url: https://cdn.redhat.com/content/dist/rhel9/9/x86_64/appstream/os/Packages/c/cargo-1.92.0-1.el9.x86_64.rpm
    repoid: rhel-9-for-x86_64-appstream-rpms
    size: 9100626
    checksum: sha256:3c4afc2cb56734d01aaaaa8d0c317688f6fe143ad239079342f4fe9b631ded0f
    name: cargo
    evr: 1.92.0-1.el9
    sourcerpm: rust-1.92.0-1.el9.src.rpm
  - url: https://cdn.redhat.com/content/dist/rhel9/9/x86_64/appstream/os/Packages/c/cpp-11.5.0-14.el9.x86_64.rpm
    repoid: rhel-9-for-x86_64-appstream-rpms
    size: 11226193
    checksum: sha256:3c0ee1cb8b72f3f5176f8945ab518eb733ccc9f950d317fb5d5ac327d0eb9c90
    name: cpp
    evr: 11.5.0-14.el9
    sourcerpm: gcc-11.5.0-14.el9.src.rpm
  - url: https://cdn.redhat.com/content/dist/rhel9/9/x86_64/appstream/os/Packages/d/delve-1.26.1-1.el9_8.x86_64.rpm
    repoid: rhel-9-for-x86_64-appstream-rpms
    size: 5985813
    checksum: sha256:a551af5fb043bbaeeabf37b78c48e5668f876d08bb353233f8357094f6c90dcd
    name: delve
    evr: 1.26.1-1.el9_8
    sourcerpm: delve-1.26.1-1.el9_8.src.rpm
  - url: https://cdn.redhat.com/content/dist/rhel9/9/x86_64/appstream/os/Packages/g/gcc-11.5.0-14.el9.x86_64.rpm
    repoid: rhel-9-for-x86_64-appstream-rpms
    size: 33982584
    checksum: sha256:2082784165bbb246b6e5ef5921ed823f0a9709cacdf5823aa60695fd6d4819a2
    name: gcc
    evr: 11.5.0-14.el9
    sourcerpm: gcc-11.5.0-14.el9.src.rpm
  - url: https://cdn.redhat.com/content/dist/rhel9/9/x86_64/appstream/os/Packages/g/git-core-2.52.0-1.el9.x86_64.rpm
    repoid: rhel-9-for-x86_64-appstream-rpms
    size: 5293286
    checksum: sha256:6264aa556d583604f34def3674f5830a70cfee0aac283719e4df295db38acb53
    name: git-core
    evr: 2.52.0-1.el9
    sourcerpm: git-2.52.0-1.el9.src.rpm
  - url: https://cdn.redhat.com/content/dist/rhel9/9/x86_64/appstream/os/Packages/g/glibc-devel-2.34-272.el9_8.x86_64.rpm
    repoid: rhel-9-for-x86_64-appstream-rpms
    size: 46619
    checksum: sha256:528edd253ccac17373c82bad04064a554ee18986a9362860be4d804ff1239825
    name: glibc-devel
    evr: 2.34-272.el9_8
    sourcerpm: glibc-2.34-272.el9_8.src.rpm
  - url: https://cdn.redhat.com/content/dist/rhel9/9/x86_64/appstream/os/Packages/g/glibc-headers-2.34-272.el9_8.x86_64.rpm
    repoid: rhel-9-for-x86_64-appstream-rpms
    size: 567230
    checksum: sha256:11533070a0fa0133c3184295df9666ddbf5352e1bb748a1e5d7c97da6853cff5
    name: glibc-headers
    evr: 2.34-272.el9_8
    sourcerpm: glibc-2.34-272.el9_8.src.rpm
  - url: https://cdn.redhat.com/content/dist/rhel9/9/x86_64/appstream/os/Packages/g/go-toolset-1.26.5-1.el9_8.x86_64.rpm
    repoid: rhel-9-for-x86_64-appstream-rpms
    size: 12505
    checksum: sha256:6fe04126a34d4802ec9271403682b126f8861d88aefec0ddbaca7da483bf39e8
    name: go-toolset
    evr: 1.26.5-1.el9_8
    sourcerpm: golang-1.26.5-1.el9_8.src.rpm
  - url: https://cdn.redhat.com/content/dist/rhel9/9/x86_64/appstream/os/Packages/g/golang-1.26.5-1.el9_8.x86_64.rpm
    repoid: rhel-9-for-x86_64-appstream-rpms
    size: 1520284
    checksum: sha256:ffb6333998d5c61e80202fe8fa5b427a8dbf126b2b5cebf4e687e269669c1dbe
    name: golang
    evr: 1.26.5-1.el9_8
    sourcerpm: golang-1.26.5-1.el9_8.src.rpm
  - url: https://cdn.redhat.com/content/dist/rhel9/9/x86_64/appstream/os/Packages/g/golang-bin-1.26.5-1.el9_8.x86_64.rpm
    repoid: rhel-9-for-x86_64-appstream-rpms
    size: 46263591
    checksum: sha256:f177bf6c26824c1a20693eb8e2d2a16b42977a7d9f3bd288b508afad65812564
    name: golang-bin
    evr: 1.26.5-1.el9_8
    sourcerpm: golang-1.26.5-1.el9_8.src.rpm
  - url: https://cdn.redhat.com/content/dist/rhel9/9/x86_64/appstream/os/Packages/g/golang-race-1.26.5-1.el9_8.x86_64.rpm
    repoid: rhel-9-for-x86_64-appstream-rpms
    size: 1743103
    checksum: sha256:00c68c81e26c9acc38d80b838f0e782bb587a28757e7f11ecd725c4499ea0777
    name: golang-race
    evr: 1.26.5-1.el9_8
    sourcerpm: golang-1.26.5-1.el9_8.src.rpm
  - url: https://cdn.redhat.com/content/dist/rhel9/9/x86_64/appstream/os/Packages/g/golang-src-1.26.5-1.el9_8.noarch.rpm
    repoid: rhel-9-for-x86_64-appstream-rpms
    size: 12881624
    checksum: sha256:4fc1f95f29566904290cad635094a1d07c5dc3421c4d0f3fb8efebe18bde2bc0
    name: golang-src
    evr: 1.26.5-1.el9_8
    sourcerpm: golang-1.26.5-1.el9_8.src.rpm
  - url: https://cdn.redhat.com/content/dist/rhel9/9/x86_64/appstream/os/Packages/k/kernel-headers-5.14.0-687.26.1.el9_8.x86_64.rpm
    repoid: rhel-9-for-x86_64-appstream-rpms
    size: 2892369
    checksum: sha256:2adcf99e57de3cd729d11f4928817dd27db78546540851f741a75a749ac69e17
    name: kernel-headers
    evr: 5.14.0-687.26.1.el9_8
    sourcerpm: kernel-5.14.0-687.26.1.el9_8.src.rpm
  - url: https://cdn.redhat.com/content/dist/rhel9/9/x86_64/appstream/os/Packages/l/libffi-devel-3.4.2-8.el9.x86_64.rpm
    repoid: rhel-9-for-x86_64-appstream-rpms
    size: 32520
    checksum: sha256:cd74ba2a4bac6b9f7df20e50915e0aeee6581dd815d3a388eb3f9c45565cef68
    name: libffi-devel
    evr: 3.4.2-8.el9
    sourcerpm: libffi-3.4.2-8.el9.src.rpm
  - url: https://cdn.redhat.com/content/dist/rhel9/9/x86_64/appstream/os/Packages/l/libmpc-1.2.1-4.el9.x86_64.rpm
    repoid: rhel-9-for-x86_64-appstream-rpms
    size: 66075
    checksum: sha256:b97b4e98c3c6f41dcfc2ceb4ffa1aba7a338b7cfd9e6c4f63e3160dd3cc033d3
    name: libmpc
    evr: 1.2.1-4.el9
    sourcerpm: libmpc-1.2.1-4.el9.src.rpm
  - url: https://cdn.redhat.com/content/dist/rhel9/9/x86_64/appstream/os/Packages/l/libnsl2-2.0.0-1.el9.x86_64.rpm
    repoid: rhel-9-for-x86_64-appstream-rpms
    size: 33287
    checksum: sha256:052f7a182180528ba6e3c4378e5dcfb84640594a3e2e7bbe4f0167381e824ce0
    name: libnsl2
    evr: 2.0.0-1.el9
    sourcerpm: libnsl2-2.0.0-1.el9.src.rpm
  - url: https://cdn.redhat.com/content/dist/rhel9/9/x86_64/appstream/os/Packages/l/libpq-13.23-1.el9_7.x86_64.rpm
    repoid: rhel-9-for-x86_64-appstream-rpms
    size: 213691
    checksum: sha256:36674e762f7e3d5f8e3c0c4b607c8b03eaaa5a830729dd8c8a9c8f8be93f6d60
    name: libpq
    evr: 13.23-1.el9_7
    sourcerpm: libpq-13.23-1.el9_7.src.rpm
  - url: https://cdn.redhat.com/content/dist/rhel9/9/x86_64/appstream/os/Packages/l/libpq-devel-13.23-1.el9_7.x86_64.rpm
    repoid: rhel-9-for-x86_64-appstream-rpms
    size: 100153
    checksum: sha256:cee41c19f18f9bc97c41da9abb06741db322d5fc8e634d6acd3fe7f251610f83
    name: libpq-devel
    evr: 13.23-1.el9_7
    sourcerpm: libpq-13.23-1.el9_7.src.rpm
  - url: https://cdn.redhat.com/content/dist/rhel9/9/x86_64/appstream/os/Packages/l/libxcrypt-compat-4.4.18-3.el9.x86_64.rpm
    repoid: rhel-9-for-x86_64-appstream-rpms
    size: 93189
    checksum: sha256:2bd6c288e1970a001d3a1ae69166c0d926d9c87ce892edcb2110f4e142c12a7a
    name: libxcrypt-compat
    evr: 4.4.18-3.el9
    sourcerpm: libxcrypt-4.4.18-3.el9.src.rpm
  - url: https://cdn.redhat.com/content/dist/rhel9/9/x86_64/appstream/os/Packages/l/libxcrypt-devel-4.4.18-3.el9.x86_64.rpm
    repoid: rhel-9-for-x86_64-appstream-rpms
    size: 33101
    checksum: sha256:c1d171391a7d2e043a6953efd3df3e01edc9b4c6cdb54517e1608d204a5fce18
    name: libxcrypt-devel
    evr: 4.4.18-3.el9
    sourcerpm: libxcrypt-4.4.18-3.el9.src.rpm
  - url: https://cdn.redhat.com/content/dist/rhel9/9/x86_64/appstream/os/Packages/l/libzstd-devel-1.5.5-1.el9.x86_64.rpm
    repoid: rhel-9-for-x86_64-appstream-rpms
    size: 53219
    checksum: sha256:5eff37e589fce787982840ace9bd4fa9a869287b186727be87d829e525e16624
    name: libzstd-devel
    evr: 1.5.5-1.el9
    sourcerpm: zstd-1.5.5-1.el9.src.rpm
  - url: https://cdn.redhat.com/content/dist/rhel9/9/x86_64/appstream/os/Packages/l/llvm-filesystem-21.1.8-2.el9.x86_64.rpm
    repoid: rhel-9-for-x86_64-appstream-rpms
    size: 20224
    checksum: sha256:b54fc55927e26da6954bbf9a396735a2a29383b15fe9e3d70b9d24cd90b1c500
    name: llvm-filesystem
    evr: 21.1.8-2.el9
    sourcerpm: llvm-21.1.8-2.el9.src.rpm
  - url: https://cdn.redhat.com/content/dist/rhel9/9/x86_64/appstream/os/Packages/l/llvm-libs-21.1.8-2.el9.x86_64.rpm
    repoid: rhel-9-for-x86_64-appstream-rpms
    size: 32586819
    checksum: sha256:6c71c84a680f89a551b312eac90c9ae2899c3bdfaacdc809e39d7da968657d5a
    name: llvm-libs
    evr: 21.1.8-2.el9
    sourcerpm: llvm-21.1.8-2.el9.src.rpm
  - url: https://cdn.redhat.com/content/dist/rhel9/9/x86_64/appstream/os/Packages/m/mpdecimal-2.5.1-3.el9.x86_64.rpm
    repoid: rhel-9-for-x86_64-appstream-rpms
    size: 89670
    checksum: sha256:89a8c9951ac56bed2caa1adbcba349c021af1134b6e2df3fc0a8a60577a4f54d
    name: mpdecimal
    evr: 2.5.1-3.el9
    sourcerpm: mpdecimal-2.5.1-3.el9.src.rpm
  - url: https://cdn.redhat.com/content/dist/rhel9/9/x86_64/appstream/os/Packages/n/nginx-1.20.1-28.el9_8.4.x86_64.rpm
    repoid: rhel-9-for-x86_64-appstream-rpms
    size: 45703
    checksum: sha256:2633a8ed0524966c81538cf6857a765eaa13f4328c47b267cda77bb7de344901
    name: nginx
    evr: 2:1.20.1-28.el9_8.4
    sourcerpm: nginx-1.20.1-28.el9_8.4.src.rpm
  - url: https://cdn.redhat.com/content/dist/rhel9/9/x86_64/appstream/os/Packages/n/nginx-core-1.20.1-28.el9_8.4.x86_64.rpm
    repoid: rhel-9-for-x86_64-appstream-rpms
    size: 593727
    checksum: sha256:7f899b12477df91c4f819c3eede8e9e18300396ac0b65724a993e38ffe777d66
    name: nginx-core
    evr: 2:1.20.1-28.el9_8.4
    sourcerpm: nginx-1.20.1-28.el9_8.4.src.rpm
  - url: https://cdn.redhat.com/content/dist/rhel9/9/x86_64/appstream/os/Packages/n/nginx-filesystem-1.20.1-28.el9_8.4.noarch.rpm
    repoid: rhel-9-for-x86_64-appstream-rpms
    size: 17343
    checksum: sha256:51593c39d33d82ee7425e2c2ac17d58ca051fa1a2810f11d633d3b9b714d669a
    name: nginx-filesystem
    evr: 2:1.20.1-28.el9_8.4
    sourcerpm: nginx-1.20.1-28.el9_8.4.src.rpm
  - url: https://cdn.redhat.com/content/dist/rhel9/9/x86_64/appstream/os/Packages/o/openssl-devel-3.5.5-5.el9_8.x86_64.rpm
    repoid: rhel-9-for-x86_64-appstream-rpms
    size: 5018310
    checksum: sha256:7aba0410db563f8f366d36931c488455b0b0a96962dc33c4a6e0df86cf13a045
    name: openssl-devel
    evr: 1:3.5.5-5.el9_8
    sourcerpm: openssl-3.5.5-5.el9_8.src.rpm
  - url: https://cdn.redhat.com/content/dist/rhel9/9/x86_64/appstream/os/Packages/p/popt-devel-1.18-8.el9.x86_64.rpm
    repoid: rhel-9-for-x86_64-appstream-rpms
    size: 27856
    checksum: sha256:ffe8c908ed6f15799bed08e8bfe887b73826b731eef8895d25f8cba7c0c459fe
    name: popt-devel
    evr: 1.18-8.el9
    sourcerpm: popt-1.18-8.el9.src.rpm
  - url: https://cdn.redhat.com/content/dist/rhel9/9/x86_64/appstream/os/Packages/p/postgresql-16.14-1.module+el9.8.0+24360+ff98e86a.x86_64.rpm
    repoid: rhel-9-for-x86_64-appstream-rpms
    size: 2058539
    checksum: sha256:9325e51249f2c5c94ebe82805f66e37574f6757504b394f4c1ee44733a4d7b2d
    name: postgresql
    evr: 16.14-1.module+el9.8.0+24360+ff98e86a
    sourcerpm: postgresql-16.14-1.module+el9.8.0+24360+ff98e86a.src.rpm
  - url: https://cdn.redhat.com/content/dist/rhel9/9/x86_64/appstream/os/Packages/p/postgresql-private-libs-16.14-1.module+el9.8.0+24360+ff98e86a.x86_64.rpm
    repoid: rhel-9-for-x86_64-appstream-rpms
    size: 153300
    checksum: sha256:c637e020443076818c6b8d271fc49090f52fef850b12aa3f1068d695293b9991
    name: postgresql-private-libs
    evr: 16.14-1.module+el9.8.0+24360+ff98e86a
    sourcerpm: postgresql-16.14-1.module+el9.8.0+24360+ff98e86a.src.rpm
  - url: https://cdn.redhat.com/content/dist/rhel9/9/x86_64/appstream/os/Packages/p/python-unversioned-command-3.9.25-7.el9_8.2.noarch.rpm
    repoid: rhel-9-for-x86_64-appstream-rpms
    size: 16175
    checksum: sha256:44bb58535b47dfacdcae7ef92c9f859b78badd22199a31ab576cd3529ef99892
    name: python-unversioned-command
    evr: 3.9.25-7.el9_8.2
    sourcerpm: python3.9-3.9.25-7.el9_8.2.src.rpm
  - url: https://cdn.redhat.com/content/dist/rhel9/9/x86_64/appstream/os/Packages/p/python3.12-3.12.13-3.el9_8.1.x86_64.rpm
    repoid: rhel-9-for-x86_64-appstream-rpms
    size: 32810
    checksum: sha256:e3824eb610d0a5c444a9c49462dcd3c31e9ef2ce0b6f42f5b75e0d492a64deb6
    name: python3.12
    evr: 3.12.13-3.el9_8.1
    sourcerpm: python3.12-3.12.13-3.el9_8.1.src.rpm
  - url: https://cdn.redhat.com/content/dist/rhel9/9/x86_64/appstream/os/Packages/p/python3.12-devel-3.12.13-3.el9_8.1.x86_64.rpm
    repoid: rhel-9-for-x86_64-appstream-rpms
    size: 338768
    checksum: sha256:d48f03d05360926a7fbeb37aec33c1593680cf719ad0c9e5354f87f9ab7d9609
    name: python3.12-devel
    evr: 3.12.13-3.el9_8.1
    sourcerpm: python3.12-3.12.13-3.el9_8.1.src.rpm
  - url: https://cdn.redhat.com/content/dist/rhel9/9/x86_64/appstream/os/Packages/p/python3.12-libs-3.12.13-3.el9_8.1.x86_64.rpm
    repoid: rhel-9-for-x86_64-appstream-rpms
    size: 10207533
    checksum: sha256:2135bca6d950ad5e8b3cc18e370fdeeedbe7bff413362247b28e0336d3bccb9d
    name: python3.12-libs
    evr: 3.12.13-3.el9_8.1
    sourcerpm: python3.12-3.12.13-3.el9_8.1.src.rpm
  - url: https://cdn.redhat.com/content/dist/rhel9/9/x86_64/appstream/os/Packages/p/python3.12-pip-23.2.1-5.el9.noarch.rpm
    repoid: rhel-9-for-x86_64-appstream-rpms
    size: 3370313
    checksum: sha256:7abdc28c07f4286ef1da5a5033266f89b7aed4d61cb13b9fec3cfa7576ed6fde
    name: python3.12-pip
    evr: 23.2.1-5.el9
    sourcerpm: python3.12-pip-23.2.1-5.el9.src.rpm
  - url: https://cdn.redhat.com/content/dist/rhel9/9/x86_64/appstream/os/Packages/p/python3.12-pip-wheel-23.2.1-5.el9.noarch.rpm
    repoid: rhel-9-for-x86_64-appstream-rpms
    size: 1527128
    checksum: sha256:b3271e01edab5152b4f62515faca4c171fb842b4e871f7d30651a076de621b0e
    name: python3.12-pip-wheel
    evr: 23.2.1-5.el9
    sourcerpm: python3.12-pip-23.2.1-5.el9.src.rpm
  - url: https://cdn.redhat.com/content/dist/rhel9/9/x86_64/appstream/os/Packages/p/python3.12-setuptools-68.2.2-5.el9_6.noarch.rpm
    repoid: rhel-9-for-x86_64-appstream-rpms
    size: 1654905
    checksum: sha256:6a7ea24faa6a5f2686b5e5b103a09f63b929b9bef70f1392dfea4ec5ef57c819
    name: python3.12-setuptools
    evr: 68.2.2-5.el9_6
    sourcerpm: python3.12-setuptools-68.2.2-5.el9_6.src.rpm
  - url: https://cdn.redhat.com/content/dist/rhel9/9/x86_64/appstream/os/Packages/r/redhat-logos-httpd-90.6-1.el9.noarch.rpm
    repoid: rhel-9-for-x86_64-appstream-rpms
    size: 15717
    checksum: sha256:59b3f463c662b8666919d3d76fc48bd7c31a8b131736dc92d9d2135ca7f3533c
    name: redhat-logos-httpd
    evr: 90.6-1.el9
    sourcerpm: redhat-logos-90.6-1.el9.src.rpm
  - url: https://cdn.redhat.com/content/dist/rhel9/9/x86_64/appstream/os/Packages/r/rpm-devel-4.16.1.3-40.el9.x86_64.rpm
    repoid: rhel-9-for-x86_64-appstream-rpms
    size: 86910
    checksum: sha256:facad45f5e039a3db18137d2dd8183aa9962540021d64234f31875f8dd43ce31
    name: rpm-devel
    evr: 4.16.1.3-40.el9
    sourcerpm: rpm-4.16.1.3-40.el9.src.rpm
  - url: https://cdn.redhat.com/content/dist/rhel9/9/x86_64/appstream/os/Packages/r/rpm-plugin-systemd-inhibit-4.16.1.3-40.el9.x86_64.rpm
    repoid: rhel-9-for-x86_64-appstream-rpms
    size: 15696
    checksum: sha256:03fe41683496012133d597880c97fc8a900a185db61dad9093b29da012e501f2
    name: rpm-plugin-systemd-inhibit
    evr: 4.16.1.3-40.el9
    sourcerpm: rpm-4.16.1.3-40.el9.src.rpm
  - url: https://cdn.redhat.com/content/dist/rhel9/9/x86_64/appstream/os/Packages/r/rust-1.92.0-1.el9.x86_64.rpm
    repoid: rhel-9-for-x86_64-appstream-rpms
    size: 31511504
    checksum: sha256:fbc70b11f38999206d70a104789d1f7f21ca9f9090c7a73d6db337bff4f5205b
    name: rust
    evr: 1.92.0-1.el9
    sourcerpm: rust-1.92.0-1.el9.src.rpm
  - url: https://cdn.redhat.com/content/dist/rhel9/9/x86_64/appstream/os/Packages/r/rust-std-static-1.92.0-1.el9.x86_64.rpm
    repoid: rhel-9-for-x86_64-appstream-rpms
    size: 42991765
    checksum: sha256:d286394aaa75a796a06db130d2a980bee8e6ab4cbaa38a3b84e12379fbae4671
    name: rust-std-static
    evr: 1.92.0-1.el9
    sourcerpm: rust-1.92.0-1.el9.src.rpm
  - url: https://cdn.redhat.com/content/dist/rhel9/9/x86_64/baseos/os/Packages/a/acl-2.3.1-4.el9.x86_64.rpm
    repoid: rhel-9-for-x86_64-baseos-rpms
    size: 77226
    checksum: sha256:150d7232faa90f84a09268f8998ee32670eef59cba98612aeb996ab75c4dfcc4
    name: acl
    evr: 2.3.1-4.el9
    sourcerpm: acl-2.3.1-4.el9.src.rpm
  - url: https://cdn.redhat.com/content/dist/rhel9/9/x86_64/baseos/os/Packages/a/attr-2.5.1-3.el9.x86_64.rpm
    repoid: rhel-9-for-x86_64-baseos-rpms
    size: 66700
    checksum: sha256:49f7baeb53e07a4b9b5739e36932f17f014abb765b3fa6c0c0f8af6a8ebf4d9b
    name: attr
    evr: 2.5.1-3.el9
    sourcerpm: attr-2.5.1-3.el9.src.rpm
  - url: https://cdn.redhat.com/content/dist/rhel9/9/x86_64/baseos/os/Packages/b/binutils-2.35.2-72.el9.x86_64.rpm
    repoid: rhel-9-for-x86_64-baseos-rpms
    size: 4821853
    checksum: sha256:bda706d43bf47267e31db8ac62fe3206122f97ff035daa6c93ce9cd5063a63ca
    name: binutils
    evr: 2.35.2-72.el9
    sourcerpm: binutils-2.35.2-72.el9.src.rpm
  - url: https://cdn.redhat.com/content/dist/rhel9/9/x86_64/baseos/os/Packages/b/binutils-gold-2.35.2-72.el9.x86_64.rpm
    repoid: rhel-9-for-x86_64-baseos-rpms
    size: 758393
    checksum: sha256:4d429d1030d8e1c610ba5aea83f8c63090033f440b2c8f788f0e0acd4a3c51b3
    name: binutils-gold
    evr: 2.35.2-72.el9
    sourcerpm: binutils-2.35.2-72.el9.src.rpm
  - url: https://cdn.redhat.com/content/dist/rhel9/9/x86_64/baseos/os/Packages/c/cracklib-2.9.6-28.el9.x86_64.rpm
    repoid: rhel-9-for-x86_64-baseos-rpms
    size: 102444
    checksum: sha256:3b415381d4bd307686268ec42f646c7770f6a815de73a40a88aab7a7061b30a9
    name: cracklib
    evr: 2.9.6-28.el9
    sourcerpm: cracklib-2.9.6-28.el9.src.rpm
  - url: https://cdn.redhat.com/content/dist/rhel9/9/x86_64/baseos/os/Packages/c/cracklib-dicts-2.9.6-28.el9.x86_64.rpm
    repoid: rhel-9-for-x86_64-baseos-rpms
    size: 3829431
    checksum: sha256:61c11d3c23b62016b9939f917bb7f7e03cba324eb4ad35b375387ce9f18e25a1
    name: cracklib-dicts
    evr: 2.9.6-28.el9
    sourcerpm: cracklib-2.9.6-28.el9.src.rpm
  - url: https://cdn.redhat.com/content/dist/rhel9/9/x86_64/baseos/os/Packages/d/dbus-1.12.20-8.el9.x86_64.rpm
    repoid: rhel-9-for-x86_64-baseos-rpms
    size: 8073
    checksum: sha256:96b1daa4de0a635ab760a8431fb005022bb7cb48d2d1d3ec9a8adb1798c0e10e
    name: dbus
    evr: 1:1.12.20-8.el9
    sourcerpm: dbus-1.12.20-8.el9.src.rpm
  - url: https://cdn.redhat.com/content/dist/rhel9/9/x86_64/baseos/os/Packages/d/dbus-broker-28-7.el9.x86_64.rpm
    repoid: rhel-9-for-x86_64-baseos-rpms
    size: 179634
    checksum: sha256:de9869c08df7f6952787d0335b9bf1a09b328bea920556a59af07c8e085dd3cb
    name: dbus-broker
    evr: 28-7.el9
    sourcerpm: dbus-broker-28-7.el9.src.rpm
  - url: https://cdn.redhat.com/content/dist/rhel9/9/x86_64/baseos/os/Packages/d/dbus-common-1.12.20-8.el9.noarch.rpm
    repoid: rhel-9-for-x86_64-baseos-rpms
    size: 18551
    checksum: sha256:298f1cada3cbcef6713098b9925694a0e30e8566f7a5bdbd72384520cf6c8360
    name: dbus-common
    evr: 1:1.12.20-8.el9
    sourcerpm: dbus-1.12.20-8.el9.src.rpm
  - url: https://cdn.redhat.com/content/dist/rhel9/9/x86_64/baseos/os/Packages/d/dbus-libs-1.12.20-8.el9.x86_64.rpm
    repoid: rhel-9-for-x86_64-baseos-rpms
    size: 157201
    checksum: sha256:10e1bc01835d6b2185782f7202abb494af81158ec35755ddf3eb98c022f07e08
    name: dbus-libs
    evr: 1:1.12.20-8.el9
    sourcerpm: dbus-1.12.20-8.el9.src.rpm
  - url: https://cdn.redhat.com/content/dist/rhel9/9/x86_64/baseos/os/Packages/d/diffutils-3.7-12.el9.x86_64.rpm
    repoid: rhel-9-for-x86_64-baseos-rpms
    size: 411559
    checksum: sha256:2d4c4fdfc10215af3c957c24995b79a26e27e6d76de4ed1f5198d25bf7ef9671
    name: diffutils
    evr: 3.7-12.el9
    sourcerpm: diffutils-3.7-12.el9.src.rpm
  - url: https://cdn.redhat.com/content/dist/rhel9/9/x86_64/baseos/os/Packages/e/elfutils-debuginfod-client-0.194-1.el9.x86_64.rpm
    repoid: rhel-9-for-x86_64-baseos-rpms
    size: 43826
    checksum: sha256:1635fd1ecaa9492fa925956dfd56d10063ca336619218f124ab45df0a38b41b0
    name: elfutils-debuginfod-client
    evr: 0.194-1.el9
    sourcerpm: elfutils-0.194-1.el9.src.rpm
  - url: https://cdn.redhat.com/content/dist/rhel9/9/x86_64/baseos/os/Packages/e/elfutils-default-yama-scope-0.194-1.el9.noarch.rpm
    repoid: rhel-9-for-x86_64-baseos-rpms
    size: 8949
    checksum: sha256:c473f42c0fec97e2830580110509e4522bc62d9b11761d062499354a0bf58959
    name: elfutils-default-yama-scope
    evr: 0.194-1.el9
    sourcerpm: elfutils-0.194-1.el9.src.rpm
  - url: https://cdn.redhat.com/content/dist/rhel9/9/x86_64/baseos/os/Packages/e/elfutils-libelf-0.194-1.el9.x86_64.rpm
    repoid: rhel-9-for-x86_64-baseos-rpms
    size: 205864
    checksum: sha256:00bbe4776149d8ccedcdf19dd6ceb08c3bb42ff41b98d744abe101af0b11a6c5
    name: elfutils-libelf
    evr: 0.194-1.el9
    sourcerpm: elfutils-0.194-1.el9.src.rpm
  - url: https://cdn.redhat.com/content/dist/rhel9/9/x86_64/baseos/os/Packages/e/elfutils-libs-0.194-1.el9.x86_64.rpm
    repoid: rhel-9-for-x86_64-baseos-rpms
    size: 274670
    checksum: sha256:ad4f6d425cbc975cead56a2c982e38b0146d00944cbd9b3072d3d1f1271237a5
    name: elfutils-libs
    evr: 0.194-1.el9
    sourcerpm: elfutils-0.194-1.el9.src.rpm
  - url: https://cdn.redhat.com/content/dist/rhel9/9/x86_64/baseos/os/Packages/e/expat-2.5.0-6.el9_8.1.x86_64.rpm
    repoid: rhel-9-for-x86_64-baseos-rpms
    size: 126909
    checksum: sha256:6a0c98d67b643fe620297e4cd7e990f99a86ed6bc90a8295a952c626ecbb9f62
    name: expat
    evr: 2.5.0-6.el9_8.1
    sourcerpm: expat-2.5.0-6.el9_8.1.src.rpm
  - url: https://cdn.redhat.com/content/dist/rhel9/9/x86_64/baseos/os/Packages/g/gzip-1.12-1.el9.x86_64.rpm
    repoid: rhel-9-for-x86_64-baseos-rpms
    size: 171206
    checksum: sha256:c8b3e0414d55b1eedb0185a564ac6cb2368bee2fd5f995447d045f6a714488ac
    name: gzip
    evr: 1.12-1.el9
    sourcerpm: gzip-1.12-1.el9.src.rpm
  - url: https://cdn.redhat.com/content/dist/rhel9/9/x86_64/baseos/os/Packages/i/ima-evm-utils-1.6.2-2.el9.x86_64.rpm
    repoid: rhel-9-for-x86_64-baseos-rpms
    size: 73667
    checksum: sha256:99c9e9234ecf55e54ad3271dfa4d80681574995420cbde946a3fa2a491b0c08a
    name: ima-evm-utils
    evr: 1.6.2-2.el9
    sourcerpm: ima-evm-utils-1.6.2-2.el9.src.rpm
  - url: https://cdn.redhat.com/content/dist/rhel9/9/x86_64/baseos/os/Packages/k/keyutils-1.6.3-1.el9.x86_64.rpm
    repoid: rhel-9-for-x86_64-baseos-rpms
    size: 79682
    checksum: sha256:756fb606dfbf6c6f92fcd3316ba902b5e09232102cb6371d9bccd983b8d4bbdf
    name: keyutils
    evr: 1.6.3-1.el9
    sourcerpm: keyutils-1.6.3-1.el9.src.rpm
  - url: https://cdn.redhat.com/content/dist/rhel9/9/x86_64/baseos/os/Packages/k/kmod-libs-28-11.el9.x86_64.rpm
    repoid: rhel-9-for-x86_64-baseos-rpms
    size: 63619
    checksum: sha256:f296bc24a1b8ba6c40ed73ba736be97ed78e4124b6dbdd8a0a25a9683d4ff1ce
    name: kmod-libs
    evr: 28-11.el9
    sourcerpm: kmod-28-11.el9.src.rpm
  - url: https://cdn.redhat.com/content/dist/rhel9/9/x86_64/baseos/os/Packages/l/less-590-6.el9.x86_64.rpm
    repoid: rhel-9-for-x86_64-baseos-rpms
    size: 166025
    checksum: sha256:5bd040f9dd813167935fc390d546c119d90e0a9c77447a3d9ed1ef69c6f5a32a
    name: less
    evr: 590-6.el9
    sourcerpm: less-590-6.el9.src.rpm
  - url: https://cdn.redhat.com/content/dist/rhel9/9/x86_64/baseos/os/Packages/l/libcbor-0.7.0-5.el9.x86_64.rpm
    repoid: rhel-9-for-x86_64-baseos-rpms
    size: 60575
    checksum: sha256:588e8736af3376abfb3cdf372c10baef02c40d916a55958f3bee9767f9ad8526
    name: libcbor
    evr: 0.7.0-5.el9
    sourcerpm: libcbor-0.7.0-5.el9.src.rpm
  - url: https://cdn.redhat.com/content/dist/rhel9/9/x86_64/baseos/os/Packages/l/libcomps-0.1.18-1.el9.x86_64.rpm
    repoid: rhel-9-for-x86_64-baseos-rpms
    size: 81851
    checksum: sha256:89c2c46e83f100481ecc279ee886ab0f38a4b4668adff7d779089037f4b19d4f
    name: libcomps
    evr: 0.1.18-1.el9
    sourcerpm: libcomps-0.1.18-1.el9.src.rpm
  - url: https://cdn.redhat.com/content/dist/rhel9/9/x86_64/baseos/os/Packages/l/libdb-5.3.28-57.el9_6.x86_64.rpm
    repoid: rhel-9-for-x86_64-baseos-rpms
    size: 755192
    checksum: sha256:3246e76f197e2b60eb470b9b55d3e0dda2301b029f295fed9c38ff70b87c5b6b
    name: libdb
    evr: 5.3.28-57.el9_6
    sourcerpm: libdb-5.3.28-57.el9_6.src.rpm
  - url: https://cdn.redhat.com/content/dist/rhel9/9/x86_64/baseos/os/Packages/l/libeconf-0.4.1-7.el9_8.x86_64.rpm
    repoid: rhel-9-for-x86_64-baseos-rpms
    size: 33179
    checksum: sha256:a570c5baaedeb1445bc2e4f3930b0a709411bbefbdbf463c3e006cbfc7018894
    name: libeconf
    evr: 0.4.1-7.el9_8
    sourcerpm: libeconf-0.4.1-7.el9_8.src.rpm
  - url: https://cdn.redhat.com/content/dist/rhel9/9/x86_64/baseos/os/Packages/l/libedit-3.1-39.20210216cvs.el9.x86_64.rpm
    repoid: rhel-9-for-x86_64-baseos-rpms
    size: 112056
    checksum: sha256:65a730688dfea27934b75af3acf30150c6d254c89d8b68b63233ae7f8b6c9b94
    name: libedit
    evr: 3.1-39.20210216cvs.el9
    sourcerpm: libedit-3.1-39.20210216cvs.el9.src.rpm
  - url: https://cdn.redhat.com/content/dist/rhel9/9/x86_64/baseos/os/Packages/l/libfdisk-2.37.4-25.el9.x86_64.rpm
    repoid: rhel-9-for-x86_64-baseos-rpms
    size: 161769
    checksum: sha256:1b861f267752e718ce696a80dcc06ef1dde8e9aa73fa2abed3775626d719c124
    name: libfdisk
    evr: 2.37.4-25.el9
    sourcerpm: util-linux-2.37.4-25.el9.src.rpm
  - url: https://cdn.redhat.com/content/dist/rhel9/9/x86_64/baseos/os/Packages/l/libfido2-1.13.0-2.el9.x86_64.rpm
    repoid: rhel-9-for-x86_64-baseos-rpms
    size: 102746
    checksum: sha256:6da940c0528f3e4453db84cb85b402c8f4293a197b1921158df9651edb4845e0
    name: libfido2
    evr: 1.13.0-2.el9
    sourcerpm: libfido2-1.13.0-2.el9.src.rpm
  - url: https://cdn.redhat.com/content/dist/rhel9/9/x86_64/baseos/os/Packages/l/libgomp-11.5.0-14.el9.x86_64.rpm
    repoid: rhel-9-for-x86_64-baseos-rpms
    size: 263723
    checksum: sha256:87b9a7316760374111290e6e4c76ee4d093566f08a7c7c91ad7827c5948afb69
    name: libgomp
    evr: 11.5.0-14.el9
    sourcerpm: gcc-11.5.0-14.el9.src.rpm
  - url: https://cdn.redhat.com/content/dist/rhel9/9/x86_64/baseos/os/Packages/l/libicu-67.1-10.el9_6.x86_64.rpm
    repoid: rhel-9-for-x86_64-baseos-rpms
    size: 10037375
    checksum: sha256:1ea6ee313827c1f5d1a73ea84c2f72b3f6567bf821a019efbd6caee00e3d5543
    name: libicu
    evr: 67.1-10.el9_6
    sourcerpm: icu-67.1-10.el9_6.src.rpm
  - url: https://cdn.redhat.com/content/dist/rhel9/9/x86_64/baseos/os/Packages/l/libpkgconf-1.7.3-10.el9.x86_64.rpm
    repoid: rhel-9-for-x86_64-baseos-rpms
    size: 38387
    checksum: sha256:4feae5941b73640bd86b8d506a657cac5b770043db1464fbcd207721b2159dda
    name: libpkgconf
    evr: 1.7.3-10.el9
    sourcerpm: pkgconf-1.7.3-10.el9.src.rpm
  - url: https://cdn.redhat.com/content/dist/rhel9/9/x86_64/baseos/os/Packages/l/libpwquality-1.4.4-8.el9.x86_64.rpm
    repoid: rhel-9-for-x86_64-baseos-rpms
    size: 126104
    checksum: sha256:14b7ff2f7fdaf8ebec90261f4619ea7f7c3564c4de8483666de7ed4b1f49b66f
    name: libpwquality
    evr: 1.4.4-8.el9
    sourcerpm: libpwquality-1.4.4-8.el9.src.rpm
  - url: https://cdn.redhat.com/content/dist/rhel9/9/x86_64/baseos/os/Packages/l/libseccomp-2.5.2-2.el9.x86_64.rpm
    repoid: rhel-9-for-x86_64-baseos-rpms
    size: 76200
    checksum: sha256:e2015f60dbe784330d5df43f3f05c68c307694600a636a1706bf86527cc82e82
    name: libseccomp
    evr: 2.5.2-2.el9
    sourcerpm: libseccomp-2.5.2-2.el9.src.rpm
  - url: https://cdn.redhat.com/content/dist/rhel9/9/x86_64/baseos/os/Packages/l/libtirpc-1.3.3-9.el9.x86_64.rpm
    repoid: rhel-9-for-x86_64-baseos-rpms
    size: 98934
    checksum: sha256:f82cd69dc3aac881d5b574930c7d274687054cb5b03d3a8e3affa7bbcd5950b1
    name: libtirpc
    evr: 1.3.3-9.el9
    sourcerpm: libtirpc-1.3.3-9.el9.src.rpm
  - url: https://cdn.redhat.com/content/dist/rhel9/9/x86_64/baseos/os/Packages/l/libutempter-1.2.1-6.el9.x86_64.rpm
    repoid: rhel-9-for-x86_64-baseos-rpms
    size: 30354
    checksum: sha256:0f1df5e0d48c2ac9914bfffa7ed569cd58e42b17ba96bb3f7cf74d1e80de2597
    name: libutempter
    evr: 1.2.1-6.el9
    sourcerpm: libutempter-1.2.1-6.el9.src.rpm
  - url: https://cdn.redhat.com/content/dist/rhel9/9/x86_64/baseos/os/Packages/l/logrotate-3.18.0-12.el9.x86_64.rpm
    repoid: rhel-9-for-x86_64-baseos-rpms
    size: 76162
    checksum: sha256:ffa6b348d400fd25151f9a8042ed33cbf9b0dd305ee532e80c5f342e30e6fdf6
    name: logrotate
    evr: 3.18.0-12.el9
    sourcerpm: logrotate-3.18.0-12.el9.src.rpm
  - url: https://cdn.redhat.com/content/dist/rhel9/9/x86_64/baseos/os/Packages/m/make-4.3-8.el9.x86_64.rpm
    repoid: rhel-9-for-x86_64-baseos-rpms
    size: 553896
    checksum: sha256:561f0c2251e9217c81a6c88de4d2d9231a039aaab37e8a0d2559d36ce9fa85fd
    name: make
    evr: 1:4.3-8.el9
    sourcerpm: make-4.3-8.el9.src.rpm
  - url: https://cdn.redhat.com/content/dist/rhel9/9/x86_64/baseos/os/Packages/o/openssh-9.9p1-7.el9_8.x86_64.rpm
    repoid: rhel-9-for-x86_64-baseos-rpms
    size: 442163
    checksum: sha256:e699c3fd161d4741658320f10064bb82ab7530d07d3d34850142ccc102ce7c82
    name: openssh
    evr: 9.9p1-7.el9_8
    sourcerpm: openssh-9.9p1-7.el9_8.src.rpm
  - url: https://cdn.redhat.com/content/dist/rhel9/9/x86_64/baseos/os/Packages/o/openssh-clients-9.9p1-7.el9_8.x86_64.rpm
    repoid: rhel-9-for-x86_64-baseos-rpms
    size: 798466
    checksum: sha256:5663973f870ce57e55bb94e94b84ff020d6b24cbaabdca9fed99665f6513c847
    name: openssh-clients
    evr: 9.9p1-7.el9_8
    sourcerpm: openssh-9.9p1-7.el9_8.src.rpm
  - url: https://cdn.redhat.com/content/dist/rhel9/9/x86_64/baseos/os/Packages/o/openssl-3.5.5-5.el9_8.x86_64.rpm
    repoid: rhel-9-for-x86_64-baseos-rpms
    size: 1563716
    checksum: sha256:7d6537b3a4e4e5a1fe0dc17b0d7794e466b3dd20f9dc34356dbbfe12b4ac2d44
    name: openssl
    evr: 1:3.5.5-5.el9_8
    sourcerpm: openssl-3.5.5-5.el9_8.src.rpm
  - url: https://cdn.redhat.com/content/dist/rhel9/9/x86_64/baseos/os/Packages/p/pam-1.5.1-28.el9.x86_64.rpm
    repoid: rhel-9-for-x86_64-baseos-rpms
    size: 637912
    checksum: sha256:15a0a5000af6f57f47c30682f7aacf3959903788e68255132b6a05bb4b713ab1
    name: pam
    evr: 1.5.1-28.el9
    sourcerpm: pam-1.5.1-28.el9.src.rpm
  - url: https://cdn.redhat.com/content/dist/rhel9/9/x86_64/baseos/os/Packages/p/pkgconf-1.7.3-10.el9.x86_64.rpm
    repoid: rhel-9-for-x86_64-baseos-rpms
    size: 45675
    checksum: sha256:bb47b4ecc499c308f41031a99e723827d152d5d750f59849d0c265d820944a26
    name: pkgconf
    evr: 1.7.3-10.el9
    sourcerpm: pkgconf-1.7.3-10.el9.src.rpm
  - url: https://cdn.redhat.com/content/dist/rhel9/9/x86_64/baseos/os/Packages/p/pkgconf-m4-1.7.3-10.el9.noarch.rpm
    repoid: rhel-9-for-x86_64-baseos-rpms
    size: 16054
    checksum: sha256:91bafd6e06099451f60288327b275cfcc651822f6145176a157c6b0fa5131e02
    name: pkgconf-m4
    evr: 1.7.3-10.el9
    sourcerpm: pkgconf-1.7.3-10.el9.src.rpm
  - url: https://cdn.redhat.com/content/dist/rhel9/9/x86_64/baseos/os/Packages/p/pkgconf-pkg-config-1.7.3-10.el9.x86_64.rpm
    repoid: rhel-9-for-x86_64-baseos-rpms
    size: 12438
    checksum: sha256:9a502d81d73d3303ceb53a06ad7ce525c97117ea64352174a33708bf3429283d
    name: pkgconf-pkg-config
    evr: 1.7.3-10.el9
    sourcerpm: pkgconf-1.7.3-10.el9.src.rpm
  - url: https://cdn.redhat.com/content/dist/rhel9/9/x86_64/baseos/os/Packages/p/python3-3.9.25-7.el9_8.2.x86_64.rpm
    repoid: rhel-9-for-x86_64-baseos-rpms
    size: 33578
    checksum: sha256:2af105e729f864def9dda53ac694e3a0dcaa705dd7f786fb533fc4d979044354
    name: python3
    evr: 3.9.25-7.el9_8.2
    sourcerpm: python3.9-3.9.25-7.el9_8.2.src.rpm
  - url: https://cdn.redhat.com/content/dist/rhel9/9/x86_64/baseos/os/Packages/p/python3-dnf-4.14.0-34.el9_8.noarch.rpm
    repoid: rhel-9-for-x86_64-baseos-rpms
    size: 486022
    checksum: sha256:411bb5d44e2b55e1ada52c307f067ee1a453dbefea1dc3c2e01babf9f3aa13ba
    name: python3-dnf
    evr: 4.14.0-34.el9_8
    sourcerpm: dnf-4.14.0-34.el9_8.src.rpm
  - url: https://cdn.redhat.com/content/dist/rhel9/9/x86_64/baseos/os/Packages/p/python3-gpg-1.15.1-6.el9.x86_64.rpm
    repoid: rhel-9-for-x86_64-baseos-rpms
    size: 291563
    checksum: sha256:0fd96e53e678f92418c859d8fb95087dd989c7eacb399157768be0daef08cf8f
    name: python3-gpg
    evr: 1.15.1-6.el9
    sourcerpm: gpgme-1.15.1-6.el9.src.rpm
  - url: https://cdn.redhat.com/content/dist/rhel9/9/x86_64/baseos/os/Packages/p/python3-hawkey-0.69.0-18.el9.x86_64.rpm
    repoid: rhel-9-for-x86_64-baseos-rpms
    size: 111127
    checksum: sha256:be11426240deb0fa9460c3bb543650a0d1c22e7842a4c257dd814196494a3981
    name: python3-hawkey
    evr: 0.69.0-18.el9
    sourcerpm: libdnf-0.69.0-18.el9.src.rpm
  - url: https://cdn.redhat.com/content/dist/rhel9/9/x86_64/baseos/os/Packages/p/python3-libcomps-0.1.18-1.el9.x86_64.rpm
    repoid: rhel-9-for-x86_64-baseos-rpms
    size: 53345
    checksum: sha256:39d6fe73373ae5692e510b7c6219ad1ffadad0f1bc59cb7095faf6e095811768
    name: python3-libcomps
    evr: 0.1.18-1.el9
    sourcerpm: libcomps-0.1.18-1.el9.src.rpm
  - url: https://cdn.redhat.com/content/dist/rhel9/9/x86_64/baseos/os/Packages/p/python3-libdnf-0.69.0-18.el9.x86_64.rpm
    repoid: rhel-9-for-x86_64-baseos-rpms
    size: 804817
    checksum: sha256:8a953bbfb6c24d0441d379acd14850cbe9df20206ee4ad54a43cf36301ed5b28
    name: python3-libdnf
    evr: 0.69.0-18.el9
    sourcerpm: libdnf-0.69.0-18.el9.src.rpm
  - url: https://cdn.redhat.com/content/dist/rhel9/9/x86_64/baseos/os/Packages/p/python3-libs-3.9.25-7.el9_8.2.x86_64.rpm
    repoid: rhel-9-for-x86_64-baseos-rpms
    size: 8481614
    checksum: sha256:8b6bc0577b3af67c2a7d9eb6c85a7afb87a01acae1414d1cc72a544061e559c6
    name: python3-libs
    evr: 3.9.25-7.el9_8.2
    sourcerpm: python3.9-3.9.25-7.el9_8.2.src.rpm
  - url: https://cdn.redhat.com/content/dist/rhel9/9/x86_64/baseos/os/Packages/p/python3-pip-wheel-21.3.1-2.el9_8.noarch.rpm
    repoid: rhel-9-for-x86_64-baseos-rpms
    size: 1198443
    checksum: sha256:918041963ad5c3b91276bf1ed3307280673ca8352e2e632bbb3847b33d2bc15a
    name: python3-pip-wheel
    evr: 21.3.1-2.el9_8
    sourcerpm: python-pip-21.3.1-2.el9_8.src.rpm
  - url: https://cdn.redhat.com/content/dist/rhel9/9/x86_64/baseos/os/Packages/p/python3-rpm-4.16.1.3-40.el9.x86_64.rpm
    repoid: rhel-9-for-x86_64-baseos-rpms
    size: 65754
    checksum: sha256:3307fc46a6e8c0f4f7a0c5b2945f1894b1a2b91592ffd84001b9eddef58b4580
    name: python3-rpm
    evr: 4.16.1.3-40.el9
    sourcerpm: rpm-4.16.1.3-40.el9.src.rpm
  - url: https://cdn.redhat.com/content/dist/rhel9/9/x86_64/baseos/os/Packages/p/python3-setuptools-wheel-53.0.0-15.el9.noarch.rpm
    repoid: rhel-9-for-x86_64-baseos-rpms
    size: 479203
    checksum: sha256:36dacb345e21bc0308ef2508f0c93995520a15ef0b56aab3593186c8dc9c0c5a
    name: python3-setuptools-wheel
    evr: 53.0.0-15.el9
    sourcerpm: python-setuptools-53.0.0-15.el9.src.rpm
  - url: https://cdn.redhat.com/content/dist/rhel9/9/x86_64/baseos/os/Packages/r/rpm-build-libs-4.16.1.3-40.el9.x86_64.rpm
    repoid: rhel-9-for-x86_64-baseos-rpms
    size: 90328
    checksum: sha256:a3e2d382655cb0f88b17edae395d87c5bf07f867cd86bbffb90b549259d08a0b
    name: rpm-build-libs
    evr: 4.16.1.3-40.el9
    sourcerpm: rpm-4.16.1.3-40.el9.src.rpm
  - url: https://cdn.redhat.com/content/dist/rhel9/9/x86_64/baseos/os/Packages/r/rpm-sign-libs-4.16.1.3-40.el9.x86_64.rpm
    repoid: rhel-9-for-x86_64-baseos-rpms
    size: 20018
    checksum: sha256:83e183909321d7cef201aea42974c7c3cf4598454d46f3a776d660491fdb16c2
    name: rpm-sign-libs
    evr: 4.16.1.3-40.el9
    sourcerpm: rpm-4.16.1.3-40.el9.src.rpm
  - url: https://cdn.redhat.com/content/dist/rhel9/9/x86_64/baseos/os/Packages/s/systemd-252-67.el9_8.4.x86_64.rpm
    repoid: rhel-9-for-x86_64-baseos-rpms
    size: 4401138
    checksum: sha256:e3cbe70aaa847f1b02bd4ea9470625434c26b25368cbfcb0e9a18de99e3bc1c7
    name: systemd
    evr: 252-67.el9_8.4
    sourcerpm: systemd-252-67.el9_8.4.src.rpm
  - url: https://cdn.redhat.com/content/dist/rhel9/9/x86_64/baseos/os/Packages/s/systemd-pam-252-67.el9_8.4.x86_64.rpm
    repoid: rhel-9-for-x86_64-baseos-rpms
    size: 276960
    checksum: sha256:de8408dbe8ee06afa99fbb914377384774e27b9b337cb3b491a37f84ccca7e9b
    name: systemd-pam
    evr: 252-67.el9_8.4
    sourcerpm: systemd-252-67.el9_8.4.src.rpm
  - url: https://cdn.redhat.com/content/dist/rhel9/9/x86_64/baseos/os/Packages/s/systemd-rpm-macros-252-67.el9_8.4.noarch.rpm
    repoid: rhel-9-for-x86_64-baseos-rpms
    size: 59475
    checksum: sha256:7d671ec39a7caeb7346be6d5fcb44212545844ced6f4974c4b409fef6a12a891
    name: systemd-rpm-macros
    evr: 252-67.el9_8.4
    sourcerpm: systemd-252-67.el9_8.4.src.rpm
  - url: https://cdn.redhat.com/content/dist/rhel9/9/x86_64/baseos/os/Packages/t/tpm2-tss-3.2.3-1.el9.x86_64.rpm
    repoid: rhel-9-for-x86_64-baseos-rpms
    size: 621714
    checksum: sha256:b1f148136e6cf67ac5f86a601d41a1b2798e7b5ef32e684358987d77c9ed424b
    name: tpm2-tss
    evr: 3.2.3-1.el9
    sourcerpm: tpm2-tss-3.2.3-1.el9.src.rpm
  - url: https://cdn.redhat.com/content/dist/rhel9/9/x86_64/baseos/os/Packages/u/util-linux-2.37.4-25.el9.x86_64.rpm
    repoid: rhel-9-for-x86_64-baseos-rpms
    size: 2382511
    checksum: sha256:35e0b73e574a7d8e93af0adf54adb2303f03423fd5761e357df86288f59d7933
    name: util-linux
    evr: 2.37.4-25.el9
    sourcerpm: util-linux-2.37.4-25.el9.src.rpm
  - url: https://cdn.redhat.com/content/dist/rhel9/9/x86_64/baseos/os/Packages/u/util-linux-core-2.37.4-25.el9.x86_64.rpm
    repoid: rhel-9-for-x86_64-baseos-rpms
    size: 476811
    checksum: sha256:5575c8fc753d5a81022786dac33e172a6d1602ef41d247a58465754d3f952726
    name: util-linux-core
    evr: 2.37.4-25.el9
    sourcerpm: util-linux-2.37.4-25.el9.src.rpm
  - url: https://cdn.redhat.com/content/dist/rhel9/9/x86_64/baseos/os/Packages/w/which-2.21-30.el9_6.x86_64.rpm
    repoid: rhel-9-for-x86_64-baseos-rpms
    size: 42038
    checksum: sha256:9c09bae3141499ad4d197a563d2a2170768d67b32bdc571221baa059eb97553b
    name: which
    evr: 2.21-30.el9_6
    sourcerpm: which-2.21-30.el9_6.src.rpm
  source:
  - url: https://cdn.redhat.com/content/dist/rhel9/9/x86_64/appstream/source/SRPMS/Packages/d/delve-1.26.1-1.el9_8.src.rpm
    repoid: rhel-9-for-x86_64-appstream-source-rpms
    size: 9538602
    checksum: sha256:5fa267daa0e7df3e072c17e81db41b809b256da8cfb0372669d9a1bea937a01a
    name: delve
    evr: 1.26.1-1.el9_8
  - url: https://cdn.redhat.com/content/dist/rhel9/9/x86_64/appstream/source/SRPMS/Packages/g/git-2.52.0-1.el9.src.rpm
    repoid: rhel-9-for-x86_64-appstream-source-rpms
    size: 8014389
    checksum: sha256:791f7585f247061d5a6f55416f480a7dbb09b19578e7d7f664aa8aba20074802
    name: git
    evr: 2.52.0-1.el9
  - url: https://cdn.redhat.com/content/dist/rhel9/9/x86_64/appstream/source/SRPMS/Packages/g/golang-1.26.5-1.el9_8.src.rpm
    repoid: rhel-9-for-x86_64-appstream-source-rpms
    size: 36513301
    checksum: sha256:45d5f6cd4321709dd8c2f2c1deccd4727573af5da20d750439966f5c627b8acf
    name: golang
    evr: 1.26.5-1.el9_8
  - url: https://cdn.redhat.com/content/dist/rhel9/9/x86_64/appstream/source/SRPMS/Packages/l/libmpc-1.2.1-4.el9.src.rpm
    repoid: rhel-9-for-x86_64-appstream-source-rpms
    size: 846236
    checksum: sha256:47774c27b65e63251f3a1cea99efbe8caed86448a573e34a44ab28ad88cc3ece
    name: libmpc
    evr: 1.2.1-4.el9
  - url: https://cdn.redhat.com/content/dist/rhel9/9/x86_64/appstream/source/SRPMS/Packages/l/libnsl2-2.0.0-1.el9.src.rpm
    repoid: rhel-9-for-x86_64-appstream-source-rpms
    size: 56885
    checksum: sha256:28fda2510dfa3d80c6f227354c3e917a104374e97566419e71ef5e246887c4e2
    name: libnsl2
    evr: 2.0.0-1.el9
  - url: https://cdn.redhat.com/content/dist/rhel9/9/x86_64/appstream/source/SRPMS/Packages/l/libpq-13.23-1.el9_7.src.rpm
    repoid: rhel-9-for-x86_64-appstream-source-rpms
    size: 21691434
    checksum: sha256:7653a5e0ed9149076cb95d0e25e0a1953cb75dd2b89545ca9b773e09b267f52f
    name: libpq
    evr: 13.23-1.el9_7
  - url: https://cdn.redhat.com/content/dist/rhel9/9/x86_64/appstream/source/SRPMS/Packages/l/llvm-21.1.8-2.el9.src.rpm
    repoid: rhel-9-for-x86_64-appstream-source-rpms
    size: 159117579
    checksum: sha256:874ba2fef672cefaf755ca1b7811bc69c98466039bf06f38009336f8d552d87a
    name: llvm
    evr: 21.1.8-2.el9
  - url: https://cdn.redhat.com/content/dist/rhel9/9/x86_64/appstream/source/SRPMS/Packages/m/mpdecimal-2.5.1-3.el9.src.rpm
    repoid: rhel-9-for-x86_64-appstream-source-rpms
    size: 3334137
    checksum: sha256:2f5ece89d6a8d892816f386462d8be291ad83f1500b4c4b3655dcc7ed5192c0d
    name: mpdecimal
    evr: 2.5.1-3.el9
  - url: https://cdn.redhat.com/content/dist/rhel9/9/x86_64/appstream/source/SRPMS/Packages/n/nginx-1.20.1-28.el9_8.4.src.rpm
    repoid: rhel-9-for-x86_64-appstream-source-rpms
    size: 1140171
    checksum: sha256:81c241a1a67e8cf2ca3d76523971024272337c9521e18802650ec0fc2bcd2fa3
    name: nginx
    evr: 2:1.20.1-28.el9_8.4
  - url: https://cdn.redhat.com/content/dist/rhel9/9/x86_64/appstream/source/SRPMS/Packages/p/postgresql-16.14-1.module+el9.8.0+24360+ff98e86a.src.rpm
    repoid: rhel-9-for-x86_64-appstream-source-rpms
    size: 48442323
    checksum: sha256:a6e5d5ae3807b707632863dd9f2c628d7b269710433ab0af08ab65ee678b8e45
    name: postgresql
    evr: 16.14-1.module+el9.8.0+24360+ff98e86a
  - url: https://cdn.redhat.com/content/dist/rhel9/9/x86_64/appstream/source/SRPMS/Packages/p/python3.12-3.12.13-3.el9_8.1.src.rpm
    repoid: rhel-9-for-x86_64-appstream-source-rpms
    size: 20886822
    checksum: sha256:7e01f587203e8d951fb7a38dff1c893cb1a3de5d7e762be6d6623cafd7c7435f
    name: python3.12
    evr: 3.12.13-3.el9_8.1
  - url: https://cdn.redhat.com/content/dist/rhel9/9/x86_64/appstream/source/SRPMS/Packages/p/python3.12-pip-23.2.1-5.el9.src.rpm
    repoid: rhel-9-for-x86_64-appstream-source-rpms
    size: 9384965
    checksum: sha256:531550a86dfbc5454ec925dbb8417ac3269e1ed4083a5af2a58d7501d730e430
    name: python3.12-pip
    evr: 23.2.1-5.el9
  - url: https://cdn.redhat.com/content/dist/rhel9/9/x86_64/appstream/source/SRPMS/Packages/p/python3.12-setuptools-68.2.2-5.el9_6.src.rpm
    repoid: rhel-9-for-x86_64-appstream-source-rpms
    size: 2219637
    checksum: sha256:8c42914fd3691cee14049a40d523a9ff1ebcd8fbf9e74b801b94f0f422ddb064
    name: python3.12-setuptools
    evr: 68.2.2-5.el9_6
  - url: https://cdn.redhat.com/content/dist/rhel9/9/x86_64/appstream/source/SRPMS/Packages/r/redhat-logos-90.6-1.el9.src.rpm
    repoid: rhel-9-for-x86_64-appstream-source-rpms
    size: 5662153
    checksum: sha256:ff75a6e9dc61aebb19c345b96977676854391a5233edbcdcbaf1e36134c00d4a
    name: redhat-logos
    evr: 90.6-1.el9
  - url: https://cdn.redhat.com/content/dist/rhel9/9/x86_64/appstream/source/SRPMS/Packages/r/rust-1.92.0-1.el9.src.rpm
    repoid: rhel-9-for-x86_64-appstream-source-rpms
    size: 273467363
    checksum: sha256:ce5ba5cdce92a48756096032a97da81ea4e893dd546f2f149ea0f5755bfa9c7e
    name: rust
    evr: 1.92.0-1.el9
  module_metadata:
  - url: https://cdn.redhat.com/content/dist/rhel9/9/x86_64/appstream/os/repodata/7f0d194c30c8acd7d323f0459f51b670cad14186c5fc5c47911fbf555025f325-modules.yaml.gz
    repoid: rhel-9-for-x86_64-appstream-rpms
    size: 63492
    checksum: sha256:7f0d194c30c8acd7d323f0459f51b670cad14186c5fc5c47911fbf555025f325
