---
lockfileVersion: 1
lockfileVendor: redhat
arches:
- arch: x86_64
  packages:
  - url: https://cdn.redhat.com/content/dist/rhel9/9/x86_64/appstream/os/Packages/c/cargo-1.84.1-1.el9.x86_64.rpm
    repoid: rhel-9-for-x86_64-appstream-rpms
    size: 8292467
    checksum: sha256:7dd011cd79a635654ade4e3186c5f7545d692de81157d1ce1d42656eaa6993b2
    name: cargo
    evr: 1.84.1-1.el9
    sourcerpm: rust-1.84.1-1.el9.src.rpm
  - url: https://cdn.redhat.com/content/dist/rhel9/9/x86_64/appstream/os/Packages/c/cpp-11.5.0-5.el9_5.x86_64.rpm
    repoid: rhel-9-for-x86_64-appstream-rpms
    size: 11229073
    checksum: sha256:b5567c690d46d4f5a2cb13be6a4f962dbe8cc7e821b9d3baa09a4f10c59014d9
    name: cpp
    evr: 11.5.0-5.el9_5
    sourcerpm: gcc-11.5.0-5.el9_5.src.rpm
  - url: https://cdn.redhat.com/content/dist/rhel9/9/x86_64/appstream/os/Packages/d/delve-1.24.1-2.el9_6.x86_64.rpm
    repoid: rhel-9-for-x86_64-appstream-rpms
    size: 5564503
    checksum: sha256:cc66f6922ec43fb3ca4bfdadd0ba9c8724f8a910763e4e6ca82d31db16ed8ae4
    name: delve
    evr: 1.24.1-2.el9_6
    sourcerpm: delve-1.24.1-2.el9_6.src.rpm
  - url: https://cdn.redhat.com/content/dist/rhel9/9/x86_64/appstream/os/Packages/e/expat-devel-2.5.0-5.el9_6.x86_64.rpm
    repoid: rhel-9-for-x86_64-appstream-rpms
    size: 56933
    checksum: sha256:f2f5a4e128b2dc62368be84d762670daf3de2ac5d414e26bc60f0f18d0f06a09
    name: expat-devel
    evr: 2.5.0-5.el9_6
    sourcerpm: expat-2.5.0-5.el9_6.src.rpm
  - url: https://cdn.redhat.com/content/dist/rhel9/9/x86_64/appstream/os/Packages/g/gcc-11.5.0-5.el9_5.x86_64.rpm
    repoid: rhel-9-for-x86_64-appstream-rpms
    size: 34006000
    checksum: sha256:03c99bc1021dbe54dd93120ed6b5249bbb02dbd5da9e0dc5d8c4a21d674fb1fd
    name: gcc
    evr: 11.5.0-5.el9_5
    sourcerpm: gcc-11.5.0-5.el9_5.src.rpm
  - url: https://cdn.redhat.com/content/dist/rhel9/9/x86_64/appstream/os/Packages/g/git-core-2.47.3-1.el9_6.x86_64.rpm
    repoid: rhel-9-for-x86_64-appstream-rpms
    size: 4926340
    checksum: sha256:4056d5f982607b0c8106ad1467b396be4abf150d8532fe018c9dc469cf149411
    name: git-core
    evr: 2.47.3-1.el9_6
    sourcerpm: git-2.47.3-1.el9_6.src.rpm
  - url: https://cdn.redhat.com/content/dist/rhel9/9/x86_64/appstream/os/Packages/g/glibc-devel-2.34-168.el9_6.23.x86_64.rpm
    repoid: rhel-9-for-x86_64-appstream-rpms
    size: 34295
    checksum: sha256:0fa11752abf8ee80658e10017c62f7c0301bcae4008e4716fe6f114a7b9e3977
    name: glibc-devel
    evr: 2.34-168.el9_6.23
    sourcerpm: glibc-2.34-168.el9_6.23.src.rpm
  - url: https://cdn.redhat.com/content/dist/rhel9/9/x86_64/appstream/os/Packages/g/glibc-headers-2.34-168.el9_6.23.x86_64.rpm
    repoid: rhel-9-for-x86_64-appstream-rpms
    size: 553222
    checksum: sha256:b090ce707af3eb4d6a20e57fe780502d363892ecaaa41bc1575e4c6c5912f2ab
    name: glibc-headers
    evr: 2.34-168.el9_6.23
    sourcerpm: glibc-2.34-168.el9_6.23.src.rpm
  - url: https://cdn.redhat.com/content/dist/rhel9/9/x86_64/appstream/os/Packages/g/go-toolset-1.24.6-1.el9_6.x86_64.rpm
    repoid: rhel-9-for-x86_64-appstream-rpms
    size: 6517
    checksum: sha256:c306bb688dec82c0ec16b0e59db9928391df05b23d8b82a413743244d66e7a61
    name: go-toolset
    evr: 1.24.6-1.el9_6
    sourcerpm: golang-1.24.6-1.el9_6.src.rpm
  - url: https://cdn.redhat.com/content/dist/rhel9/9/x86_64/appstream/os/Packages/g/golang-1.24.6-1.el9_6.x86_64.rpm
    repoid: rhel-9-for-x86_64-appstream-rpms
    size: 1320288
    checksum: sha256:021ed9aa7642e3d5f5998bb0d66e88b9e5ecc008ee5b997813001f9ea46682d4
    name: golang
    evr: 1.24.6-1.el9_6
    sourcerpm: golang-1.24.6-1.el9_6.src.rpm
  - url: https://cdn.redhat.com/content/dist/rhel9/9/x86_64/appstream/os/Packages/g/golang-bin-1.24.6-1.el9_6.x86_64.rpm
    repoid: rhel-9-for-x86_64-appstream-rpms
    size: 70005370
    checksum: sha256:deb2995c2dff71113ecf470d36154a4423042adbe66282f150f5acbae6908106
    name: golang-bin
    evr: 1.24.6-1.el9_6
    sourcerpm: golang-1.24.6-1.el9_6.src.rpm
  - url: https://cdn.redhat.com/content/dist/rhel9/9/x86_64/appstream/os/Packages/g/golang-race-1.24.6-1.el9_6.x86_64.rpm
    repoid: rhel-9-for-x86_64-appstream-rpms
    size: 1772207
    checksum: sha256:e3e07d1b006ccdf682849fbdf3ec839098580f1623e4bf65ef8c281d1d3360bc
    name: golang-race
    evr: 1.24.6-1.el9_6
    sourcerpm: golang-1.24.6-1.el9_6.src.rpm
  - url: https://cdn.redhat.com/content/dist/rhel9/9/x86_64/appstream/os/Packages/g/golang-src-1.24.6-1.el9_6.noarch.rpm
    repoid: rhel-9-for-x86_64-appstream-rpms
    size: 11747065
    checksum: sha256:055b955d4dfbcead30f3ae823918e8fbc7830f74f223faf739fb5109c1d1f03f
    name: golang-src
    evr: 1.24.6-1.el9_6
    sourcerpm: golang-1.24.6-1.el9_6.src.rpm
  - url: https://cdn.redhat.com/content/dist/rhel9/9/x86_64/appstream/os/Packages/k/kernel-headers-5.14.0-570.52.1.el9_6.x86_64.rpm
    repoid: rhel-9-for-x86_64-appstream-rpms
    size: 3731389
    checksum: sha256:d409ea6bfbba5c3e1722e5e0290c2698d21ca2a3c384c877e62a34f43f299f27
    name: kernel-headers
    evr: 5.14.0-570.52.1.el9_6
    sourcerpm: kernel-5.14.0-570.52.1.el9_6.src.rpm
  - url: https://cdn.redhat.com/content/dist/rhel9/9/x86_64/appstream/os/Packages/l/libffi-devel-3.4.2-8.el9.x86_64.rpm
    repoid: rhel-9-for-x86_64-appstream-rpms
    size: 32520
    checksum: sha256:cd74ba2a4bac6b9f7df20e50915e0aeee6581dd815d3a388eb3f9c45565cef68
    name: libffi-devel
    evr: 3.4.2-8.el9
    sourcerpm: libffi-3.4.2-8.el9.src.rpm
  - url: https://cdn.redhat.com/content/dist/rhel9/9/x86_64/appstream/os/Packages/l/libmpc-1.2.1-4.el9.x86_64.rpm
    repoid: rhel-9-for-x86_64-appstream-rpms
    size: 66075
    checksum: sha256:b97b4e98c3c6f41dcfc2ceb4ffa1aba7a338b7cfd9e6c4f63e3160dd3cc033d3
    name: libmpc
    evr: 1.2.1-4.el9
    sourcerpm: libmpc-1.2.1-4.el9.src.rpm
  - url: https://cdn.redhat.com/content/dist/rhel9/9/x86_64/appstream/os/Packages/l/libnsl2-2.0.0-1.el9.x86_64.rpm
    repoid: rhel-9-for-x86_64-appstream-rpms
    size: 33287
    checksum: sha256:052f7a182180528ba6e3c4378e5dcfb84640594a3e2e7bbe4f0167381e824ce0
    name: libnsl2
    evr: 2.0.0-1.el9
    sourcerpm: libnsl2-2.0.0-1.el9.src.rpm
  - url: https://cdn.redhat.com/content/dist/rhel9/9/x86_64/appstream/os/Packages/l/libpq-13.20-1.el9_5.x86_64.rpm
    repoid: rhel-9-for-x86_64-appstream-rpms
    size: 218118
    checksum: sha256:49223c484013c214fe1b785d92232a9eff0f0329c5c0cdda8705d992b3ef51f7
    name: libpq
    evr: 13.20-1.el9_5
    sourcerpm: libpq-13.20-1.el9_5.src.rpm
  - url: https://cdn.redhat.com/content/dist/rhel9/9/x86_64/appstream/os/Packages/l/libpq-devel-13.20-1.el9_5.x86_64.rpm
    repoid: rhel-9-for-x86_64-appstream-rpms
    size: 104767
    checksum: sha256:5ada557e3b9570b8d475647140cb380bdc5096103fa9cfba2b692563c49afa85
    name: libpq-devel
    evr: 13.20-1.el9_5
    sourcerpm: libpq-13.20-1.el9_5.src.rpm
  - url: https://cdn.redhat.com/content/dist/rhel9/9/x86_64/appstream/os/Packages/l/libxcrypt-devel-4.4.18-3.el9.x86_64.rpm
    repoid: rhel-9-for-x86_64-appstream-rpms
    size: 33101
    checksum: sha256:c1d171391a7d2e043a6953efd3df3e01edc9b4c6cdb54517e1608d204a5fce18
    name: libxcrypt-devel
    evr: 4.4.18-3.el9
    sourcerpm: libxcrypt-4.4.18-3.el9.src.rpm
  - url: https://cdn.redhat.com/content/dist/rhel9/9/x86_64/appstream/os/Packages/l/libzstd-devel-1.5.5-1.el9.x86_64.rpm
    repoid: rhel-9-for-x86_64-appstream-rpms
    size: 53219
    checksum: sha256:5eff37e589fce787982840ace9bd4fa9a869287b186727be87d829e525e16624
    name: libzstd-devel
    evr: 1.5.5-1.el9
    sourcerpm: zstd-1.5.5-1.el9.src.rpm
  - url: https://cdn.redhat.com/content/dist/rhel9/9/x86_64/appstream/os/Packages/l/llvm-libs-19.1.7-2.el9.x86_64.rpm
    repoid: rhel-9-for-x86_64-appstream-rpms
    size: 30399454
    checksum: sha256:168c8d2d7ed92d3a77c2d8ba898b3506a483a623674072d057606cb29d2e3b87
    name: llvm-libs
    evr: 19.1.7-2.el9
    sourcerpm: llvm-19.1.7-2.el9.src.rpm
  - url: https://cdn.redhat.com/content/dist/rhel9/9/x86_64/appstream/os/Packages/m/mpdecimal-2.5.1-3.el9.x86_64.rpm
    repoid: rhel-9-for-x86_64-appstream-rpms
    size: 89670
    checksum: sha256:89a8c9951ac56bed2caa1adbcba349c021af1134b6e2df3fc0a8a60577a4f54d
    name: mpdecimal
    evr: 2.5.1-3.el9
    sourcerpm: mpdecimal-2.5.1-3.el9.src.rpm
  - url: https://cdn.redhat.com/content/dist/rhel9/9/x86_64/appstream/os/Packages/n/nginx-1.20.1-22.el9_6.3.x86_64.rpm
    repoid: rhel-9-for-x86_64-appstream-rpms
    size: 38094
    checksum: sha256:ac60f31368828d6eb017ad6a755270abd48b2c15c347903a11127ac3c186c619
    name: nginx
    evr: 2:1.20.1-22.el9_6.3
    sourcerpm: nginx-1.20.1-22.el9_6.3.src.rpm
  - url: https://cdn.redhat.com/content/dist/rhel9/9/x86_64/appstream/os/Packages/n/nginx-core-1.20.1-22.el9_6.3.x86_64.rpm
    repoid: rhel-9-for-x86_64-appstream-rpms
    size: 584421
    checksum: sha256:77c7fabc1d6366608ae0fa0392be79519c93276b30f2b905d1639ae56db89796
    name: nginx-core
    evr: 2:1.20.1-22.el9_6.3
    sourcerpm: nginx-1.20.1-22.el9_6.3.src.rpm
  - url: https://cdn.redhat.com/content/dist/rhel9/9/x86_64/appstream/os/Packages/n/nginx-filesystem-1.20.1-22.el9_6.3.noarch.rpm
    repoid: rhel-9-for-x86_64-appstream-rpms
    size: 10729
    checksum: sha256:987a844a7ddf5bc2d54c5ced49ce4eba6b3d49aeb8960e0744792935b854d831
    name: nginx-filesystem
    evr: 2:1.20.1-22.el9_6.3
    sourcerpm: nginx-1.20.1-22.el9_6.3.src.rpm
  - url: https://cdn.redhat.com/content/dist/rhel9/9/x86_64/appstream/os/Packages/o/openssl-devel-3.2.2-6.el9_5.1.x86_64.rpm
    repoid: rhel-9-for-x86_64-appstream-rpms
    size: 4650823
    checksum: sha256:30cd1b3dec089a7da71e9167532693bef7c202a5dbe3c010af2a9387106a0b36
    name: openssl-devel
    evr: 1:3.2.2-6.el9_5.1
    sourcerpm: openssl-3.2.2-6.el9_5.1.src.rpm
  - url: https://cdn.redhat.com/content/dist/rhel9/9/x86_64/appstream/os/Packages/p/popt-devel-1.18-8.el9.x86_64.rpm
    repoid: rhel-9-for-x86_64-appstream-rpms
    size: 27856
    checksum: sha256:ffe8c908ed6f15799bed08e8bfe887b73826b731eef8895d25f8cba7c0c459fe
    name: popt-devel
    evr: 1.18-8.el9
    sourcerpm: popt-1.18-8.el9.src.rpm
  - url: https://cdn.redhat.com/content/dist/rhel9/9/x86_64/appstream/os/Packages/p/postgresql-16.10-1.module+el9.6.0+23420+848a4539.x86_64.rpm
    repoid: rhel-9-for-x86_64-appstream-rpms
    size: 2036469
    checksum: sha256:f93bcf25e1164dc911a28de0c7945b1e270c9f63bf2f35f47ac8330589c15f0e
    name: postgresql
    evr: 16.10-1.module+el9.6.0+23420+848a4539
    sourcerpm: postgresql-16.10-1.module+el9.6.0+23420+848a4539.src.rpm
  - url: https://cdn.redhat.com/content/dist/rhel9/9/x86_64/appstream/os/Packages/p/postgresql-private-libs-16.10-1.module+el9.6.0+23420+848a4539.x86_64.rpm
    repoid: rhel-9-for-x86_64-appstream-rpms
    size: 145972
    checksum: sha256:2e46adc000000d86a017756a0e9c4cca7b541407ba5777464096a4f59c8a17a2
    name: postgresql-private-libs
    evr: 16.10-1.module+el9.6.0+23420+848a4539
    sourcerpm: postgresql-16.10-1.module+el9.6.0+23420+848a4539.src.rpm
  - url: https://cdn.redhat.com/content/dist/rhel9/9/x86_64/appstream/os/Packages/p/python3.12-3.12.9-1.el9_6.2.x86_64.rpm
    repoid: rhel-9-for-x86_64-appstream-rpms
    size: 27351
    checksum: sha256:cccf7261d10246f581f2aa9986b8d4b5f26710e01e21d2b41e3a834dc5449f78
    name: python3.12
    evr: 3.12.9-1.el9_6.2
    sourcerpm: python3.12-3.12.9-1.el9_6.2.src.rpm
  - url: https://cdn.redhat.com/content/dist/rhel9/9/x86_64/appstream/os/Packages/p/python3.12-devel-3.12.9-1.el9_6.2.x86_64.rpm
    repoid: rhel-9-for-x86_64-appstream-rpms
    size: 332410
    checksum: sha256:104985aaec17e321e5d9becda8df17eb995c851195d5808cf6bc162a38081999
    name: python3.12-devel
    evr: 3.12.9-1.el9_6.2
    sourcerpm: python3.12-3.12.9-1.el9_6.2.src.rpm
  - url: https://cdn.redhat.com/content/dist/rhel9/9/x86_64/appstream/os/Packages/p/python3.12-libs-3.12.9-1.el9_6.2.x86_64.rpm
    repoid: rhel-9-for-x86_64-appstream-rpms
    size: 10192692
    checksum: sha256:bfd013072d128a7773cbd3c3ce5317b74a964120bece8dc6234129694792a9a4
    name: python3.12-libs
    evr: 3.12.9-1.el9_6.2
    sourcerpm: python3.12-3.12.9-1.el9_6.2.src.rpm
  - url: https://cdn.redhat.com/content/dist/rhel9/9/x86_64/appstream/os/Packages/p/python3.12-pip-23.2.1-4.el9.noarch.rpm
    repoid: rhel-9-for-x86_64-appstream-rpms
    size: 3377244
    checksum: sha256:d7fddc3a02b3cba2256034e3ed61378dc37bd6155f91f5feb7560c9ffeb5230e
    name: python3.12-pip
    evr: 23.2.1-4.el9
    sourcerpm: python3.12-pip-23.2.1-4.el9.src.rpm
  - url: https://cdn.redhat.com/content/dist/rhel9/9/x86_64/appstream/os/Packages/p/python3.12-pip-wheel-23.2.1-4.el9.noarch.rpm
    repoid: rhel-9-for-x86_64-appstream-rpms
    size: 1527656
    checksum: sha256:cfd0663b266ee59bc44afb5f4552941a74d2be1c2ef518c21b39b1647c0f9177
    name: python3.12-pip-wheel
    evr: 23.2.1-4.el9
    sourcerpm: python3.12-pip-23.2.1-4.el9.src.rpm
  - url: https://cdn.redhat.com/content/dist/rhel9/9/x86_64/appstream/os/Packages/p/python3.12-setuptools-68.2.2-5.el9_6.noarch.rpm
    repoid: rhel-9-for-x86_64-appstream-rpms
    size: 1654905
    checksum: sha256:6a7ea24faa6a5f2686b5e5b103a09f63b929b9bef70f1392dfea4ec5ef57c819
    name: python3.12-setuptools
    evr: 68.2.2-5.el9_6
    sourcerpm: python3.12-setuptools-68.2.2-5.el9_6.src.rpm
  - url: https://cdn.redhat.com/content/dist/rhel9/9/x86_64/appstream/os/Packages/r/redhat-logos-httpd-90.5-1.el9_6.1.noarch.rpm
    repoid: rhel-9-for-x86_64-appstream-rpms
    size: 16643
    checksum: sha256:a3b0e027da9390f7c047cdbd6eea0ce2de11781ec2b4e6e951d74fb15af93ff4
    name: redhat-logos-httpd
    evr: 90.5-1.el9_6.1
    sourcerpm: redhat-logos-90.5-1.el9_6.1.src.rpm
  - url: https://cdn.redhat.com/content/dist/rhel9/9/x86_64/appstream/os/Packages/r/rpm-devel-4.16.1.3-37.el9.x86_64.rpm
    repoid: rhel-9-for-x86_64-appstream-rpms
    size: 91754
    checksum: sha256:7a6b6ad4e2129aac6e95b354dc0e11cd635075ee6c957448d38dcf063f348d26
    name: rpm-devel
    evr: 4.16.1.3-37.el9
    sourcerpm: rpm-4.16.1.3-37.el9.src.rpm
  - url: https://cdn.redhat.com/content/dist/rhel9/9/x86_64/appstream/os/Packages/r/rust-1.84.1-1.el9.x86_64.rpm
    repoid: rhel-9-for-x86_64-appstream-rpms
    size: 28050444
    checksum: sha256:9ba3c53fd811af2f294e31360d75e33e4cb89893130c7b3fe0c6191e20a09f3e
    name: rust
    evr: 1.84.1-1.el9
    sourcerpm: rust-1.84.1-1.el9.src.rpm
  - url: https://cdn.redhat.com/content/dist/rhel9/9/x86_64/appstream/os/Packages/r/rust-std-static-1.84.1-1.el9.x86_64.rpm
    repoid: rhel-9-for-x86_64-appstream-rpms
    size: 41211472
    checksum: sha256:73bb90884432e2b43758f1043f107a570b5d54b38f17d5d0af51bac103ceb4f5
    name: rust-std-static
    evr: 1.84.1-1.el9
    sourcerpm: rust-1.84.1-1.el9.src.rpm
  - url: https://cdn.redhat.com/content/dist/rhel9/9/x86_64/baseos/os/Packages/b/binutils-2.35.2-63.el9.x86_64.rpm
    repoid: rhel-9-for-x86_64-baseos-rpms
    size: 4818636
    checksum: sha256:4eb918b63dee7daf32117df2e3fcb02ad4ba3d96cb25677cf55315deceb7e22a
    name: binutils
    evr: 2.35.2-63.el9
    sourcerpm: binutils-2.35.2-63.el9.src.rpm
  - url: https://cdn.redhat.com/content/dist/rhel9/9/x86_64/baseos/os/Packages/b/binutils-gold-2.35.2-63.el9.x86_64.rpm
    repoid: rhel-9-for-x86_64-baseos-rpms
    size: 753176
    checksum: sha256:339d9bb2dc0e41c4756f1a4f82e82f6654818b72de74f1f0377c76277617352b
    name: binutils-gold
    evr: 2.35.2-63.el9
    sourcerpm: binutils-2.35.2-63.el9.src.rpm
  - url: https://cdn.redhat.com/content/dist/rhel9/9/x86_64/baseos/os/Packages/d/diffutils-3.7-12.el9.x86_64.rpm
    repoid: rhel-9-for-x86_64-baseos-rpms
    size: 411559
    checksum: sha256:2d4c4fdfc10215af3c957c24995b79a26e27e6d76de4ed1f5198d25bf7ef9671
    name: diffutils
    evr: 3.7-12.el9
    sourcerpm: diffutils-3.7-12.el9.src.rpm
  - url: https://cdn.redhat.com/content/dist/rhel9/9/x86_64/baseos/os/Packages/e/elfutils-debuginfod-client-0.192-6.el9_6.x86_64.rpm
    repoid: rhel-9-for-x86_64-baseos-rpms
    size: 47122
    checksum: sha256:0fcab0370abc33e8df4686dad91ff390dd6dd3437b601c3911efd83ec7603168
    name: elfutils-debuginfod-client
    evr: 0.192-6.el9_6
    sourcerpm: elfutils-0.192-6.el9_6.src.rpm
  - url: https://cdn.redhat.com/content/dist/rhel9/9/x86_64/baseos/os/Packages/l/less-590-5.el9.x86_64.rpm
    repoid: rhel-9-for-x86_64-baseos-rpms
    size: 170758
    checksum: sha256:a726061c966a134a5e5b42b60e4162ee85a2cef8843b6fd28e08264ceebb54f4
    name: less
    evr: 590-5.el9
    sourcerpm: less-590-5.el9.src.rpm
  - url: https://cdn.redhat.com/content/dist/rhel9/9/x86_64/baseos/os/Packages/l/libcbor-0.7.0-5.el9.x86_64.rpm
    repoid: rhel-9-for-x86_64-baseos-rpms
    size: 60575
    checksum: sha256:588e8736af3376abfb3cdf372c10baef02c40d916a55958f3bee9767f9ad8526
    name: libcbor
    evr: 0.7.0-5.el9
    sourcerpm: libcbor-0.7.0-5.el9.src.rpm
  - url: https://cdn.redhat.com/content/dist/rhel9/9/x86_64/baseos/os/Packages/l/libedit-3.1-38.20210216cvs.el9.x86_64.rpm
    repoid: rhel-9-for-x86_64-baseos-rpms
    size: 109330
    checksum: sha256:9e41ff5754a5dca1308adf9617828934d56cb60d8d08f128f80e4328f69bc78c
    name: libedit
    evr: 3.1-38.20210216cvs.el9
    sourcerpm: libedit-3.1-38.20210216cvs.el9.src.rpm
  - url: https://cdn.redhat.com/content/dist/rhel9/9/x86_64/baseos/os/Packages/l/libfido2-1.13.0-2.el9.x86_64.rpm
    repoid: rhel-9-for-x86_64-baseos-rpms
    size: 102746
    checksum: sha256:6da940c0528f3e4453db84cb85b402c8f4293a197b1921158df9651edb4845e0
    name: libfido2
    evr: 1.13.0-2.el9
    sourcerpm: libfido2-1.13.0-2.el9.src.rpm
  - url: https://cdn.redhat.com/content/dist/rhel9/9/x86_64/baseos/os/Packages/l/libicu-67.1-10.el9_6.x86_64.rpm
    repoid: rhel-9-for-x86_64-baseos-rpms
    size: 10037375
    checksum: sha256:1ea6ee313827c1f5d1a73ea84c2f72b3f6567bf821a019efbd6caee00e3d5543
    name: libicu
    evr: 67.1-10.el9_6
    sourcerpm: icu-67.1-10.el9_6.src.rpm
  - url: https://cdn.redhat.com/content/dist/rhel9/9/x86_64/baseos/os/Packages/l/libpkgconf-1.7.3-10.el9.x86_64.rpm
    repoid: rhel-9-for-x86_64-baseos-rpms
    size: 38387
    checksum: sha256:4feae5941b73640bd86b8d506a657cac5b770043db1464fbcd207721b2159dda
    name: libpkgconf
    evr: 1.7.3-10.el9
    sourcerpm: pkgconf-1.7.3-10.el9.src.rpm
  - url: https://cdn.redhat.com/content/dist/rhel9/9/x86_64/baseos/os/Packages/l/libtirpc-1.3.3-9.el9.x86_64.rpm
    repoid: rhel-9-for-x86_64-baseos-rpms
    size: 98934
    checksum: sha256:f82cd69dc3aac881d5b574930c7d274687054cb5b03d3a8e3affa7bbcd5950b1
    name: libtirpc
    evr: 1.3.3-9.el9
    sourcerpm: libtirpc-1.3.3-9.el9.src.rpm
  - url: https://cdn.redhat.com/content/dist/rhel9/9/x86_64/baseos/os/Packages/l/logrotate-3.18.0-9.el9.x86_64.rpm
    repoid: rhel-9-for-x86_64-baseos-rpms
    size: 80588
    checksum: sha256:50842f9ff79ced10d9676d29632bb77bd4c95bfb0beac01a0b607943ab4c8816
    name: logrotate
    evr: 3.18.0-9.el9
    sourcerpm: logrotate-3.18.0-9.el9.src.rpm
  - url: https://cdn.redhat.com/content/dist/rhel9/9/x86_64/baseos/os/Packages/m/make-4.3-8.el9.x86_64.rpm
    repoid: rhel-9-for-x86_64-baseos-rpms
    size: 553896
    checksum: sha256:561f0c2251e9217c81a6c88de4d2d9231a039aaab37e8a0d2559d36ce9fa85fd
    name: make
    evr: 1:4.3-8.el9
    sourcerpm: make-4.3-8.el9.src.rpm
  - url: https://cdn.redhat.com/content/dist/rhel9/9/x86_64/baseos/os/Packages/o/openssh-8.7p1-45.el9.x86_64.rpm
    repoid: rhel-9-for-x86_64-baseos-rpms
    size: 474534
    checksum: sha256:d43f19d3e736943bdadbda47db016e9da81ce1900f50ecfe470f7a8bc9bce243
    name: openssh
    evr: 8.7p1-45.el9
    sourcerpm: openssh-8.7p1-45.el9.src.rpm
  - url: https://cdn.redhat.com/content/dist/rhel9/9/x86_64/baseos/os/Packages/o/openssh-clients-8.7p1-45.el9.x86_64.rpm
    repoid: rhel-9-for-x86_64-baseos-rpms
    size: 735750
    checksum: sha256:309d1c9c176bf35b494c8b31a0f3eeceddd0b27be1dfc9defbe9838b9d5a707c
    name: openssh-clients
    evr: 8.7p1-45.el9
    sourcerpm: openssh-8.7p1-45.el9.src.rpm
  - url: https://cdn.redhat.com/content/dist/rhel9/9/x86_64/baseos/os/Packages/p/pkgconf-1.7.3-10.el9.x86_64.rpm
    repoid: rhel-9-for-x86_64-baseos-rpms
    size: 45675
    checksum: sha256:bb47b4ecc499c308f41031a99e723827d152d5d750f59849d0c265d820944a26
    name: pkgconf
    evr: 1.7.3-10.el9
    sourcerpm: pkgconf-1.7.3-10.el9.src.rpm
  - url: https://cdn.redhat.com/content/dist/rhel9/9/x86_64/baseos/os/Packages/p/pkgconf-m4-1.7.3-10.el9.noarch.rpm
    repoid: rhel-9-for-x86_64-baseos-rpms
    size: 16054
    checksum: sha256:91bafd6e06099451f60288327b275cfcc651822f6145176a157c6b0fa5131e02
    name: pkgconf-m4
    evr: 1.7.3-10.el9
    sourcerpm: pkgconf-1.7.3-10.el9.src.rpm
  - url: https://cdn.redhat.com/content/dist/rhel9/9/x86_64/baseos/os/Packages/p/pkgconf-pkg-config-1.7.3-10.el9.x86_64.rpm
    repoid: rhel-9-for-x86_64-baseos-rpms
    size: 12438
    checksum: sha256:9a502d81d73d3303ceb53a06ad7ce525c97117ea64352174a33708bf3429283d
    name: pkgconf-pkg-config
    evr: 1.7.3-10.el9
    sourcerpm: pkgconf-1.7.3-10.el9.src.rpm
  source:
  - url: https://cdn.redhat.com/content/dist/rhel9/9/x86_64/appstream/source/SRPMS/Packages/d/delve-1.24.1-2.el9_6.src.rpm
    repoid: rhel-9-for-x86_64-appstream-source-rpms
    size: 9616554
    checksum: sha256:1e062bf60083836bff9b92184c87d2c15034512f45631ffdb1121c31b2b54ddd
    name: delve
    evr: 1.24.1-2.el9_6
  - url: https://cdn.redhat.com/content/dist/rhel9/9/x86_64/appstream/source/SRPMS/Packages/g/git-2.47.3-1.el9_6.src.rpm
    repoid: rhel-9-for-x86_64-appstream-source-rpms
    size: 7707656
    checksum: sha256:815c2ae9574006ecb596000492929264de785444736ee3968d5ee34cb6e75159
    name: git
    evr: 2.47.3-1.el9_6
  - url: https://cdn.redhat.com/content/dist/rhel9/9/x86_64/appstream/source/SRPMS/Packages/g/golang-1.24.6-1.el9_6.src.rpm
    repoid: rhel-9-for-x86_64-appstream-source-rpms
    size: 33173829
    checksum: sha256:0a13b66205d0f606cacbc93132b9e1640506848ed2e15cdc5dd46b9982642db8
    name: golang
    evr: 1.24.6-1.el9_6
  - url: https://cdn.redhat.com/content/dist/rhel9/9/x86_64/appstream/source/SRPMS/Packages/l/libmpc-1.2.1-4.el9.src.rpm
    repoid: rhel-9-for-x86_64-appstream-source-rpms
    size: 846236
    checksum: sha256:47774c27b65e63251f3a1cea99efbe8caed86448a573e34a44ab28ad88cc3ece
    name: libmpc
    evr: 1.2.1-4.el9
  - url: https://cdn.redhat.com/content/dist/rhel9/9/x86_64/appstream/source/SRPMS/Packages/l/libnsl2-2.0.0-1.el9.src.rpm
    repoid: rhel-9-for-x86_64-appstream-source-rpms
    size: 56885
    checksum: sha256:28fda2510dfa3d80c6f227354c3e917a104374e97566419e71ef5e246887c4e2
    name: libnsl2
    evr: 2.0.0-1.el9
  - url: https://cdn.redhat.com/content/dist/rhel9/9/x86_64/appstream/source/SRPMS/Packages/l/libpq-13.20-1.el9_5.src.rpm
    repoid: rhel-9-for-x86_64-appstream-source-rpms
    size: 21656211
    checksum: sha256:f8a7450157ff99ce1e9268d62ca07f4495f81ece030b049937a939f57c71729e
    name: libpq
    evr: 13.20-1.el9_5
  - url: https://cdn.redhat.com/content/dist/rhel9/9/x86_64/appstream/source/SRPMS/Packages/l/llvm-19.1.7-2.el9.src.rpm
    repoid: rhel-9-for-x86_64-appstream-source-rpms
    size: 141371853
    checksum: sha256:2da62e4083e0f9ff5ca3d5ffc794682ff16004b2f0b38b4a103e34d18dbd322e
    name: llvm
    evr: 19.1.7-2.el9
  - url: https://cdn.redhat.com/content/dist/rhel9/9/x86_64/appstream/source/SRPMS/Packages/m/mpdecimal-2.5.1-3.el9.src.rpm
    repoid: rhel-9-for-x86_64-appstream-source-rpms
    size: 3334137
    checksum: sha256:2f5ece89d6a8d892816f386462d8be291ad83f1500b4c4b3655dcc7ed5192c0d
    name: mpdecimal
    evr: 2.5.1-3.el9
  - url: https://cdn.redhat.com/content/dist/rhel9/9/x86_64/appstream/source/SRPMS/Packages/n/nginx-1.20.1-22.el9_6.3.src.rpm
    repoid: rhel-9-for-x86_64-appstream-source-rpms
    size: 1118487
    checksum: sha256:3896c992b042cf1b6806238443dec51dc4c42d9995c6230436b17d346fde9012
    name: nginx
    evr: 2:1.20.1-22.el9_6.3
  - url: https://cdn.redhat.com/content/dist/rhel9/9/x86_64/appstream/source/SRPMS/Packages/p/postgresql-16.10-1.module+el9.6.0+23420+848a4539.src.rpm
    repoid: rhel-9-for-x86_64-appstream-source-rpms
    size: 48170813
    checksum: sha256:6c27063e75601b0ed05fbe0afb4625e02515513809cd59b251bec8b7c5d2bc5c
    name: postgresql
    evr: 16.10-1.module+el9.6.0+23420+848a4539
  - url: https://cdn.redhat.com/content/dist/rhel9/9/x86_64/appstream/source/SRPMS/Packages/p/python3.12-3.12.9-1.el9_6.2.src.rpm
    repoid: rhel-9-for-x86_64-appstream-source-rpms
    size: 20585738
    checksum: sha256:88372b67518db04abcc9f65b7dffcca6f7b8d2cb6dfd1dbd07afa248dac02611
    name: python3.12
    evr: 3.12.9-1.el9_6.2
  - url: https://cdn.redhat.com/content/dist/rhel9/9/x86_64/appstream/source/SRPMS/Packages/p/python3.12-pip-23.2.1-4.el9.src.rpm
    repoid: rhel-9-for-x86_64-appstream-source-rpms
    size: 9386420
    checksum: sha256:01fd53a2b4a4957a43960727d59032aecd4537f4967fd9815767c3532f93f8b1
    name: python3.12-pip
    evr: 23.2.1-4.el9
  - url: https://cdn.redhat.com/content/dist/rhel9/9/x86_64/appstream/source/SRPMS/Packages/p/python3.12-setuptools-68.2.2-5.el9_6.src.rpm
    repoid: rhel-9-for-x86_64-appstream-source-rpms
    size: 2219637
    checksum: sha256:8c42914fd3691cee14049a40d523a9ff1ebcd8fbf9e74b801b94f0f422ddb064
    name: python3.12-setuptools
    evr: 68.2.2-5.el9_6
  - url: https://cdn.redhat.com/content/dist/rhel9/9/x86_64/appstream/source/SRPMS/Packages/r/redhat-logos-90.5-1.el9_6.1.src.rpm
    repoid: rhel-9-for-x86_64-appstream-source-rpms
    size: 5650778
    checksum: sha256:b8addde6d5971cede493123cc0863bbb4e9bc4304c8e4c5ad05be98ba1cc9d92
    name: redhat-logos
    evr: 90.5-1.el9_6.1
  - url: https://cdn.redhat.com/content/dist/rhel9/9/x86_64/appstream/source/SRPMS/Packages/r/rust-1.84.1-1.el9.src.rpm
    repoid: rhel-9-for-x86_64-appstream-source-rpms
    size: 356648553
    checksum: sha256:0469e86c9783d94d1702b574e25d5ff4270ade22d36cbe97198e76d16667d4fe
    name: rust
    evr: 1.84.1-1.el9
  - url: https://cdn.redhat.com/content/dist/rhel9/9/x86_64/baseos/source/SRPMS/Packages/b/binutils-2.35.2-63.el9.src.rpm
    repoid: rhel-9-for-x86_64-baseos-source-rpms
    size: 22426920
    checksum: sha256:7e8e6c0116f7e862225990df4faaa664fe3b86198538cd350f01b3e5bd16cf41
    name: binutils
    evr: 2.35.2-63.el9
  - url: https://cdn.redhat.com/content/dist/rhel9/9/x86_64/baseos/source/SRPMS/Packages/d/diffutils-3.7-12.el9.src.rpm
    repoid: rhel-9-for-x86_64-baseos-source-rpms
    size: 1477522
    checksum: sha256:7a10e2d961f8d755f8ccf51a1fb7f68687671b82d9486e4b8d648561af1a185e
    name: diffutils
    evr: 3.7-12.el9
  - url: https://cdn.redhat.com/content/dist/rhel9/9/x86_64/baseos/source/SRPMS/Packages/e/elfutils-0.192-6.el9_6.src.rpm
    repoid: rhel-9-for-x86_64-baseos-source-rpms
    size: 11944670
    checksum: sha256:afe7c9bef952ed086637fe83ac77bfafa70bf2ba28c1d7aaa51a18c9a75146b6
    name: elfutils
    evr: 0.192-6.el9_6
  - url: https://cdn.redhat.com/content/dist/rhel9/9/x86_64/baseos/source/SRPMS/Packages/e/expat-2.5.0-5.el9_6.src.rpm
    repoid: rhel-9-for-x86_64-baseos-source-rpms
    size: 8369732
    checksum: sha256:736df300c50aad5de613ee8322bedb9522042024a95df9c886089e225bc764f7
    name: expat
    evr: 2.5.0-5.el9_6
  - url: https://cdn.redhat.com/content/dist/rhel9/9/x86_64/baseos/source/SRPMS/Packages/g/gcc-11.5.0-5.el9_5.src.rpm
    repoid: rhel-9-for-x86_64-baseos-source-rpms
    size: 81877102
    checksum: sha256:ed35dd39cd89aec444199a916667169638150fd12199dbb3c3d2638e43121565
    name: gcc
    evr: 11.5.0-5.el9_5
  - url: https://cdn.redhat.com/content/dist/rhel9/9/x86_64/baseos/source/SRPMS/Packages/g/glibc-2.34-168.el9_6.23.src.rpm
    repoid: rhel-9-for-x86_64-baseos-source-rpms
    size: 19844337
    checksum: sha256:2495e3b229885e01ffd5dec87ea83d52022235c081e8fb19f6744a9e821b044f
    name: glibc
    evr: 2.34-168.el9_6.23
  - url: https://cdn.redhat.com/content/dist/rhel9/9/x86_64/baseos/source/SRPMS/Packages/i/icu-67.1-10.el9_6.src.rpm
    repoid: rhel-9-for-x86_64-baseos-source-rpms
    size: 23181317
    checksum: sha256:3abe8dc1abc22213826dd6ffb214cdd88705def93dcb234ffc87c792909b0879
    name: icu
    evr: 67.1-10.el9_6
  - url: https://cdn.redhat.com/content/dist/rhel9/9/x86_64/baseos/source/SRPMS/Packages/k/kernel-5.14.0-570.52.1.el9_6.src.rpm
    repoid: rhel-9-for-x86_64-baseos-source-rpms
    size: 149453862
    checksum: sha256:7153252b63a1ff7d52c5fe7e12ddeba5fbcb3a52b21f2d41396fd8e321c974b9
    name: kernel
    evr: 5.14.0-570.52.1.el9_6
  - url: https://cdn.redhat.com/content/dist/rhel9/9/x86_64/baseos/source/SRPMS/Packages/l/less-590-5.el9.src.rpm
    repoid: rhel-9-for-x86_64-baseos-source-rpms
    size: 385311
    checksum: sha256:345830f76771e7e7a6b2a7af0b0374d2c39d970de4578379070aed36fd59d4bb
    name: less
    evr: 590-5.el9
  - url: https://cdn.redhat.com/content/dist/rhel9/9/x86_64/baseos/source/SRPMS/Packages/l/libcbor-0.7.0-5.el9.src.rpm
    repoid: rhel-9-for-x86_64-baseos-source-rpms
    size: 276760
    checksum: sha256:0fe4d1387cdb9c79ee26a6677df578b4d30facf4afa06cfa674fb686c3fa754a
    name: libcbor
    evr: 0.7.0-5.el9
  - url: https://cdn.redhat.com/content/dist/rhel9/9/x86_64/baseos/source/SRPMS/Packages/l/libedit-3.1-38.20210216cvs.el9.src.rpm
    repoid: rhel-9-for-x86_64-baseos-source-rpms
    size: 531597
    checksum: sha256:067e19c3ad8c9254119e7918ef7d2af3c3d33d364d34016f4b65fb71eb1676b3
    name: libedit
    evr: 3.1-38.20210216cvs.el9
  - url: https://cdn.redhat.com/content/dist/rhel9/9/x86_64/baseos/source/SRPMS/Packages/l/libffi-3.4.2-8.el9.src.rpm
    repoid: rhel-9-for-x86_64-baseos-source-rpms
    size: 1367398
    checksum: sha256:2b384204cc70c8f23d3a86e5cc9f736306a7a91a72e282044e3b23f3fd831647
    name: libffi
    evr: 3.4.2-8.el9
  - url: https://cdn.redhat.com/content/dist/rhel9/9/x86_64/baseos/source/SRPMS/Packages/l/libfido2-1.13.0-2.el9.src.rpm
    repoid: rhel-9-for-x86_64-baseos-source-rpms
    size: 865138
    checksum: sha256:c3f125f8b3242600cc1013183930e990b4b791c0d6c6544bf371a28c7abfebe1
    name: libfido2
    evr: 1.13.0-2.el9
  - url: https://cdn.redhat.com/content/dist/rhel9/9/x86_64/baseos/source/SRPMS/Packages/l/libtirpc-1.3.3-9.el9.src.rpm
    repoid: rhel-9-for-x86_64-baseos-source-rpms
    size: 589716
    checksum: sha256:95d684042f4c5f63ac57923639fd1e7d6d278766b4ee99feb24baa5567fe4b7e
    name: libtirpc
    evr: 1.3.3-9.el9
  - url: https://cdn.redhat.com/content/dist/rhel9/9/x86_64/baseos/source/SRPMS/Packages/l/libxcrypt-4.4.18-3.el9.src.rpm
    repoid: rhel-9-for-x86_64-baseos-source-rpms
    size: 543970
    checksum: sha256:d18f72eb41ecd0370e2e47f1dc5774be54e9ff3b4dd333578017666c7c488f40
    name: libxcrypt
    evr: 4.4.18-3.el9
  - url: https://cdn.redhat.com/content/dist/rhel9/9/x86_64/baseos/source/SRPMS/Packages/l/logrotate-3.18.0-9.el9.src.rpm
    repoid: rhel-9-for-x86_64-baseos-source-rpms
    size: 199591
    checksum: sha256:deca55478b98a19bcf880db1010d1e89257a0829a4c12670efefdd663d7fc618
    name: logrotate
    evr: 3.18.0-9.el9
  - url: https://cdn.redhat.com/content/dist/rhel9/9/x86_64/baseos/source/SRPMS/Packages/m/make-4.3-8.el9.src.rpm
    repoid: rhel-9-for-x86_64-baseos-source-rpms
    size: 2335546
    checksum: sha256:a5cc45d6c158b255cda528c496dbb8bc7783acb9898b97a39a1811230e102d7c
    name: make
    evr: 1:4.3-8.el9
  - url: https://cdn.redhat.com/content/dist/rhel9/9/x86_64/baseos/source/SRPMS/Packages/o/openssh-8.7p1-45.el9.src.rpm
    repoid: rhel-9-for-x86_64-baseos-source-rpms
    size: 2415807
    checksum: sha256:2cc10ea59a3685a9752db18962e69e87257a862bc283b7dd233d7ffdf2fa0281
    name: openssh
    evr: 8.7p1-45.el9
  - url: https://cdn.redhat.com/content/dist/rhel9/9/x86_64/baseos/source/SRPMS/Packages/o/openssl-3.2.2-6.el9_5.1.src.rpm
    repoid: rhel-9-for-x86_64-baseos-source-rpms
    size: 17985138
    checksum: sha256:56c0b951be3e5ad6a1da594f9d4f09b8b752e2fb3d6827bcc03892f22f622b22
    name: openssl
    evr: 1:3.2.2-6.el9_5.1
  - url: https://cdn.redhat.com/content/dist/rhel9/9/x86_64/baseos/source/SRPMS/Packages/p/pkgconf-1.7.3-10.el9.src.rpm
    repoid: rhel-9-for-x86_64-baseos-source-rpms
    size: 310904
    checksum: sha256:4d53718592b298ca7c49665b1f4e7bd32dcb42cad15c89345585da9f20d4fcae
    name: pkgconf
    evr: 1.7.3-10.el9
  - url: https://cdn.redhat.com/content/dist/rhel9/9/x86_64/baseos/source/SRPMS/Packages/p/popt-1.18-8.el9.src.rpm
    repoid: rhel-9-for-x86_64-baseos-source-rpms
    size: 595630
    checksum: sha256:1c5d47907a884ec21001c4965013fa70bea3f770d385fdc897cb7afc1cf62fe6
    name: popt
    evr: 1.18-8.el9
  - url: https://cdn.redhat.com/content/dist/rhel9/9/x86_64/baseos/source/SRPMS/Packages/r/rpm-4.16.1.3-37.el9.src.rpm
    repoid: rhel-9-for-x86_64-baseos-source-rpms
    size: 4490587
    checksum: sha256:b15a51773d702299bc9d83245544b60c8e733c0404f49e7badc5fa815449d151
    name: rpm
    evr: 4.16.1.3-37.el9
  - url: https://cdn.redhat.com/content/dist/rhel9/9/x86_64/baseos/source/SRPMS/Packages/z/zstd-1.5.5-1.el9.src.rpm
    repoid: rhel-9-for-x86_64-baseos-source-rpms
    size: 2378112
    checksum: sha256:922957570bae59b0a45bd9d96ce804c65c6c3260f50198f40804d95ffb0db65e
    name: zstd
    evr: 1.5.5-1.el9
  module_metadata:
  - url: https://cdn.redhat.com/content/dist/rhel9/9/x86_64/appstream/os/repodata/5c7f552975047fbab6c8b6ec23ea804b8337fa010cc21b22b76d4ce51f645148-modules.yaml.gz
    repoid: rhel-9-for-x86_64-appstream-rpms
    size: 34411
    checksum: sha256:5c7f552975047fbab6c8b6ec23ea804b8337fa010cc21b22b76d4ce51f645148
